// !$*UTF8*$!
{
	archiveVersion = 1;
	classes = {
	};
	objectVersion = 46;
	objects = {

/* Begin PBXBuildFile section */
		36099977154B9C340006A5F5 /* MainViewController.m in Sources */ = {isa = PBXBuildFile; fileRef = 3609995C154B9C340006A5F5 /* MainViewController.m */; };
		36099978154B9C340006A5F5 /* MainViewController.xib in Resources */ = {isa = PBXBuildFile; fileRef = 3609995D154B9C340006A5F5 /* MainViewController.xib */; };
		36099979154B9C340006A5F5 /* PuzzleAPIURLFactory.m in Sources */ = {isa = PBXBuildFile; fileRef = 36099961154B9C340006A5F5 /* PuzzleAPIURLFactory.m */; };
		3609997A154B9C340006A5F5 /* CreateUserOperation.m in Sources */ = {isa = PBXBuildFile; fileRef = 36099964154B9C340006A5F5 /* CreateUserOperation.m */; };
		3609997B154B9C340006A5F5 /* GetPuzzleOperation.m in Sources */ = {isa = PBXBuildFile; fileRef = 36099966154B9C340006A5F5 /* GetPuzzleOperation.m */; };
		3609997C154B9C340006A5F5 /* PuzzleOperation.m in Sources */ = {isa = PBXBuildFile; fileRef = 36099968154B9C340006A5F5 /* PuzzleOperation.m */; };
		3609997D154B9C340006A5F5 /* PuzzleOperationManager.m in Sources */ = {isa = PBXBuildFile; fileRef = 3609996A154B9C340006A5F5 /* PuzzleOperationManager.m */; };
		3609997E154B9C340006A5F5 /* JSONKit.m in Sources */ = {isa = PBXBuildFile; fileRef = 3609996D154B9C340006A5F5 /* JSONKit.m */; };
		3609997F154B9C340006A5F5 /* PuzzleUser.m in Sources */ = {isa = PBXBuildFile; fileRef = 36099971154B9C340006A5F5 /* PuzzleUser.m */; };
		36099980154B9C340006A5F5 /* PuzzleErrorHandler.m in Sources */ = {isa = PBXBuildFile; fileRef = 36099974154B9C340006A5F5 /* PuzzleErrorHandler.m */; };
		36099981154B9C340006A5F5 /* PuzzleSDK.m in Sources */ = {isa = PBXBuildFile; fileRef = 36099976154B9C340006A5F5 /* PuzzleSDK.m */; };
		70AA228F1546457200011F3B /* UIKit.framework in Frameworks */ = {isa = PBXBuildFile; fileRef = 70AA228E1546457200011F3B /* UIKit.framework */; };
		70AA22911546457200011F3B /* Foundation.framework in Frameworks */ = {isa = PBXBuildFile; fileRef = 70AA22901546457200011F3B /* Foundation.framework */; };
		70AA22931546457300011F3B /* CoreGraphics.framework in Frameworks */ = {isa = PBXBuildFile; fileRef = 70AA22921546457200011F3B /* CoreGraphics.framework */; };
		70AA22991546457300011F3B /* InfoPlist.strings in Resources */ = {isa = PBXBuildFile; fileRef = 70AA22971546457300011F3B /* InfoPlist.strings */; };
		70AA229B1546457300011F3B /* main.m in Sources */ = {isa = PBXBuildFile; fileRef = 70AA229A1546457300011F3B /* main.m */; };
		70AA229F1546457300011F3B /* AppDelegate.m in Sources */ = {isa = PBXBuildFile; fileRef = 70AA229E1546457300011F3B /* AppDelegate.m */; };
		70E1A466154BD48C0042B4FF /* GetAuthTokenForUserOperation.m in Sources */ = {isa = PBXBuildFile; fileRef = 70E1A465154BD48C0042B4FF /* GetAuthTokenForUserOperation.m */; };
		70E1A46A154BD6FA0042B4FF /* DeleteUserOperation.m in Sources */ = {isa = PBXBuildFile; fileRef = 70E1A469154BD6FA0042B4FF /* DeleteUserOperation.m */; };
		70E1A46E154BD9220042B4FF /* CreatePuzzleOperation.m in Sources */ = {isa = PBXBuildFile; fileRef = 70E1A46D154BD9220042B4FF /* CreatePuzzleOperation.m */; };
		70E1A471154BDF5B0042B4FF /* GetPuzzleForUserOperation.m in Sources */ = {isa = PBXBuildFile; fileRef = 70E1A470154BDF5A0042B4FF /* GetPuzzleForUserOperation.m */; };
		70E1A478154BE2DC0042B4FF /* GetPuzzlesMadeByUserOperation.m in Sources */ = {isa = PBXBuildFile; fileRef = 70E1A477154BE2DB0042B4FF /* GetPuzzlesMadeByUserOperation.m */; };
		70E1A47C154BE4890042B4FF /* TakePuzzleOperation.m in Sources */ = {isa = PBXBuildFile; fileRef = 70E1A47B154BE4880042B4FF /* TakePuzzleOperation.m */; };
/* End PBXBuildFile section */

/* Begin PBXFileReference section */
		3609995B154B9C340006A5F5 /* MainViewController.h */ = {isa = PBXFileReference; fileEncoding = 4; lastKnownFileType = sourcecode.c.h; path = MainViewController.h; sourceTree = "<group>"; };
		3609995C154B9C340006A5F5 /* MainViewController.m */ = {isa = PBXFileReference; fileEncoding = 4; lastKnownFileType = sourcecode.c.objc; path = MainViewController.m; sourceTree = "<group>"; };
		3609995D154B9C340006A5F5 /* MainViewController.xib */ = {isa = PBXFileReference; fileEncoding = 4; lastKnownFileType = file.xib; path = MainViewController.xib; sourceTree = "<group>"; };
		36099960154B9C340006A5F5 /* PuzzleAPIURLFactory.h */ = {isa = PBXFileReference; fileEncoding = 4; lastKnownFileType = sourcecode.c.h; path = PuzzleAPIURLFactory.h; sourceTree = "<group>"; };
		36099961154B9C340006A5F5 /* PuzzleAPIURLFactory.m */ = {isa = PBXFileReference; fileEncoding = 4; lastKnownFileType = sourcecode.c.objc; path = PuzzleAPIURLFactory.m; sourceTree = "<group>"; };
		36099963154B9C340006A5F5 /* CreateUserOperation.h */ = {isa = PBXFileReference; fileEncoding = 4; lastKnownFileType = sourcecode.c.h; path = CreateUserOperation.h; sourceTree = "<group>"; };
		36099964154B9C340006A5F5 /* CreateUserOperation.m */ = {isa = PBXFileReference; fileEncoding = 4; lastKnownFileType = sourcecode.c.objc; path = CreateUserOperation.m; sourceTree = "<group>"; };
		36099965154B9C340006A5F5 /* GetPuzzleOperation.h */ = {isa = PBXFileReference; fileEncoding = 4; lastKnownFileType = sourcecode.c.h; path = GetPuzzleOperation.h; sourceTree = "<group>"; };
		36099966154B9C340006A5F5 /* GetPuzzleOperation.m */ = {isa = PBXFileReference; fileEncoding = 4; lastKnownFileType = sourcecode.c.objc; path = GetPuzzleOperation.m; sourceTree = "<group>"; };
		36099967154B9C340006A5F5 /* PuzzleOperation.h */ = {isa = PBXFileReference; fileEncoding = 4; lastKnownFileType = sourcecode.c.h; path = PuzzleOperation.h; sourceTree = "<group>"; };
		36099968154B9C340006A5F5 /* PuzzleOperation.m */ = {isa = PBXFileReference; fileEncoding = 4; lastKnownFileType = sourcecode.c.objc; path = PuzzleOperation.m; sourceTree = "<group>"; };
		36099969154B9C340006A5F5 /* PuzzleOperationManager.h */ = {isa = PBXFileReference; fileEncoding = 4; lastKnownFileType = sourcecode.c.h; path = PuzzleOperationManager.h; sourceTree = "<group>"; };
		3609996A154B9C340006A5F5 /* PuzzleOperationManager.m */ = {isa = PBXFileReference; fileEncoding = 4; lastKnownFileType = sourcecode.c.objc; path = PuzzleOperationManager.m; sourceTree = "<group>"; };
		3609996C154B9C340006A5F5 /* JSONKit.h */ = {isa = PBXFileReference; fileEncoding = 4; lastKnownFileType = sourcecode.c.h; path = JSONKit.h; sourceTree = "<group>"; };
		3609996D154B9C340006A5F5 /* JSONKit.m */ = {isa = PBXFileReference; fileEncoding = 4; lastKnownFileType = sourcecode.c.objc; path = JSONKit.m; sourceTree = "<group>"; };
		36099970154B9C340006A5F5 /* PuzzleUser.h */ = {isa = PBXFileReference; fileEncoding = 4; lastKnownFileType = sourcecode.c.h; path = PuzzleUser.h; sourceTree = "<group>"; };
		36099971154B9C340006A5F5 /* PuzzleUser.m */ = {isa = PBXFileReference; fileEncoding = 4; lastKnownFileType = sourcecode.c.objc; path = PuzzleUser.m; sourceTree = "<group>"; };
		36099972154B9C340006A5F5 /* PuzzleAPIKey.h */ = {isa = PBXFileReference; fileEncoding = 4; lastKnownFileType = sourcecode.c.h; path = PuzzleAPIKey.h; sourceTree = "<group>"; };
		36099973154B9C340006A5F5 /* PuzzleErrorHandler.h */ = {isa = PBXFileReference; fileEncoding = 4; lastKnownFileType = sourcecode.c.h; path = PuzzleErrorHandler.h; sourceTree = "<group>"; };
		36099974154B9C340006A5F5 /* PuzzleErrorHandler.m */ = {isa = PBXFileReference; fileEncoding = 4; lastKnownFileType = sourcecode.c.objc; path = PuzzleErrorHandler.m; sourceTree = "<group>"; };
		36099975154B9C340006A5F5 /* PuzzleSDK.h */ = {isa = PBXFileReference; fileEncoding = 4; lastKnownFileType = sourcecode.c.h; path = PuzzleSDK.h; sourceTree = "<group>"; };
		36099976154B9C340006A5F5 /* PuzzleSDK.m */ = {isa = PBXFileReference; fileEncoding = 4; lastKnownFileType = sourcecode.c.objc; path = PuzzleSDK.m; sourceTree = "<group>"; };
		70AA228A1546457200011F3B /* PuzzleSDK.app */ = {isa = PBXFileReference; explicitFileType = wrapper.application; includeInIndex = 0; path = PuzzleSDK.app; sourceTree = BUILT_PRODUCTS_DIR; };
		70AA228E1546457200011F3B /* UIKit.framework */ = {isa = PBXFileReference; lastKnownFileType = wrapper.framework; name = UIKit.framework; path = System/Library/Frameworks/UIKit.framework; sourceTree = SDKROOT; };
		70AA22901546457200011F3B /* Foundation.framework */ = {isa = PBXFileReference; lastKnownFileType = wrapper.framework; name = Foundation.framework; path = System/Library/Frameworks/Foundation.framework; sourceTree = SDKROOT; };
		70AA22921546457200011F3B /* CoreGraphics.framework */ = {isa = PBXFileReference; lastKnownFileType = wrapper.framework; name = CoreGraphics.framework; path = System/Library/Frameworks/CoreGraphics.framework; sourceTree = SDKROOT; };
		70AA22961546457300011F3B /* PuzzleSDK-Info.plist */ = {isa = PBXFileReference; lastKnownFileType = text.plist.xml; path = "PuzzleSDK-Info.plist"; sourceTree = "<group>"; };
		70AA22981546457300011F3B /* en */ = {isa = PBXFileReference; lastKnownFileType = text.plist.strings; name = en; path = en.lproj/InfoPlist.strings; sourceTree = "<group>"; };
		70AA229A1546457300011F3B /* main.m */ = {isa = PBXFileReference; lastKnownFileType = sourcecode.c.objc; path = main.m; sourceTree = "<group>"; };
		70AA229C1546457300011F3B /* PuzzleSDK-Prefix.pch */ = {isa = PBXFileReference; lastKnownFileType = sourcecode.c.h; path = "PuzzleSDK-Prefix.pch"; sourceTree = "<group>"; };
		70AA229D1546457300011F3B /* AppDelegate.h */ = {isa = PBXFileReference; lastKnownFileType = sourcecode.c.h; path = AppDelegate.h; sourceTree = "<group>"; };
		70AA229E1546457300011F3B /* AppDelegate.m */ = {isa = PBXFileReference; lastKnownFileType = sourcecode.c.objc; path = AppDelegate.m; sourceTree = "<group>"; };
		70E1A464154BD48C0042B4FF /* GetAuthTokenForUserOperation.h */ = {isa = PBXFileReference; fileEncoding = 4; lastKnownFileType = sourcecode.c.h; path = GetAuthTokenForUserOperation.h; sourceTree = "<group>"; };
		70E1A465154BD48C0042B4FF /* GetAuthTokenForUserOperation.m */ = {isa = PBXFileReference; fileEncoding = 4; lastKnownFileType = sourcecode.c.objc; path = GetAuthTokenForUserOperation.m; sourceTree = "<group>"; };
		70E1A468154BD6FA0042B4FF /* DeleteUserOperation.h */ = {isa = PBXFileReference; fileEncoding = 4; lastKnownFileType = sourcecode.c.h; path = DeleteUserOperation.h; sourceTree = "<group>"; };
		70E1A469154BD6FA0042B4FF /* DeleteUserOperation.m */ = {isa = PBXFileReference; fileEncoding = 4; lastKnownFileType = sourcecode.c.objc; path = DeleteUserOperation.m; sourceTree = "<group>"; };
		70E1A46C154BD9220042B4FF /* CreatePuzzleOperation.h */ = {isa = PBXFileReference; fileEncoding = 4; lastKnownFileType = sourcecode.c.h; path = CreatePuzzleOperation.h; sourceTree = "<group>"; };
		70E1A46D154BD9220042B4FF /* CreatePuzzleOperation.m */ = {isa = PBXFileReference; fileEncoding = 4; lastKnownFileType = sourcecode.c.objc; path = CreatePuzzleOperation.m; sourceTree = "<group>"; };
		70E1A46F154BDF5A0042B4FF /* GetPuzzleForUserOperation.h */ = {isa = PBXFileReference; fileEncoding = 4; lastKnownFileType = sourcecode.c.h; path = GetPuzzleForUserOperation.h; sourceTree = "<group>"; };
		70E1A470154BDF5A0042B4FF /* GetPuzzleForUserOperation.m */ = {isa = PBXFileReference; fileEncoding = 4; lastKnownFileType = sourcecode.c.objc; path = GetPuzzleForUserOperation.m; sourceTree = "<group>"; };
		70E1A476154BE2DB0042B4FF /* GetPuzzlesMadeByUserOperation.h */ = {isa = PBXFileReference; fileEncoding = 4; lastKnownFileType = sourcecode.c.h; path = GetPuzzlesMadeByUserOperation.h; sourceTree = "<group>"; };
		70E1A477154BE2DB0042B4FF /* GetPuzzlesMadeByUserOperation.m */ = {isa = PBXFileReference; fileEncoding = 4; lastKnownFileType = sourcecode.c.objc; path = GetPuzzlesMadeByUserOperation.m; sourceTree = "<group>"; };
		70E1A47A154BE4870042B4FF /* TakePuzzleOperation.h */ = {isa = PBXFileReference; fileEncoding = 4; lastKnownFileType = sourcecode.c.h; path = TakePuzzleOperation.h; sourceTree = "<group>"; };
		70E1A47B154BE4880042B4FF /* TakePuzzleOperation.m */ = {isa = PBXFileReference; fileEncoding = 4; lastKnownFileType = sourcecode.c.objc; path = TakePuzzleOperation.m; sourceTree = "<group>"; };
/* End PBXFileReference section */

/* Begin PBXFrameworksBuildPhase section */
		70AA22871546457200011F3B /* Frameworks */ = {
			isa = PBXFrameworksBuildPhase;
			buildActionMask = 2147483647;
			files = (
				70AA228F1546457200011F3B /* UIKit.framework in Frameworks */,
				70AA22911546457200011F3B /* Foundation.framework in Frameworks */,
				70AA22931546457300011F3B /* CoreGraphics.framework in Frameworks */,
			);
			runOnlyForDeploymentPostprocessing = 0;
		};
/* End PBXFrameworksBuildPhase section */

/* Begin PBXGroup section */
		36099959154B9C340006A5F5 /* Classes */ = {
			isa = PBXGroup;
			children = (
				3609995A154B9C340006A5F5 /* Sample App */,
				3609995E154B9C340006A5F5 /* SDK */,
			);
			path = Classes;
			sourceTree = "<group>";
		};
		3609995A154B9C340006A5F5 /* Sample App */ = {
			isa = PBXGroup;
			children = (
				3609995B154B9C340006A5F5 /* MainViewController.h */,
				3609995C154B9C340006A5F5 /* MainViewController.m */,
				3609995D154B9C340006A5F5 /* MainViewController.xib */,
			);
			path = "Sample App";
			sourceTree = "<group>";
		};
		3609995E154B9C340006A5F5 /* SDK */ = {
			isa = PBXGroup;
			children = (
				3609995F154B9C340006A5F5 /* Private */,
				3609996E154B9C340006A5F5 /* Public */,
			);
			path = SDK;
			sourceTree = "<group>";
		};
		3609995F154B9C340006A5F5 /* Private */ = {
			isa = PBXGroup;
			children = (
				36099960154B9C340006A5F5 /* PuzzleAPIURLFactory.h */,
				36099961154B9C340006A5F5 /* PuzzleAPIURLFactory.m */,
				36099962154B9C340006A5F5 /* PuzzleOperations */,
				3609996B154B9C340006A5F5 /* Vendor */,
			);
			path = Private;
			sourceTree = "<group>";
		};
		36099962154B9C340006A5F5 /* PuzzleOperations */ = {
			isa = PBXGroup;
			children = (
				70E1A46B154BD8B50042B4FF /* PuzzleOperationSubclasses */,
				36099967154B9C340006A5F5 /* PuzzleOperation.h */,
				36099968154B9C340006A5F5 /* PuzzleOperation.m */,
				36099969154B9C340006A5F5 /* PuzzleOperationManager.h */,
				3609996A154B9C340006A5F5 /* PuzzleOperationManager.m */,
			);
			path = PuzzleOperations;
			sourceTree = "<group>";
		};
		3609996B154B9C340006A5F5 /* Vendor */ = {
			isa = PBXGroup;
			children = (
				3609996C154B9C340006A5F5 /* JSONKit.h */,
				3609996D154B9C340006A5F5 /* JSONKit.m */,
			);
			path = Vendor;
			sourceTree = "<group>";
		};
		3609996E154B9C340006A5F5 /* Public */ = {
			isa = PBXGroup;
			children = (
				3609996F154B9C340006A5F5 /* Puzzle Models */,
				36099972154B9C340006A5F5 /* PuzzleAPIKey.h */,
				36099973154B9C340006A5F5 /* PuzzleErrorHandler.h */,
				36099974154B9C340006A5F5 /* PuzzleErrorHandler.m */,
				36099975154B9C340006A5F5 /* PuzzleSDK.h */,
				36099976154B9C340006A5F5 /* PuzzleSDK.m */,
			);
			path = Public;
			sourceTree = "<group>";
		};
		3609996F154B9C340006A5F5 /* Puzzle Models */ = {
			isa = PBXGroup;
			children = (
				36099970154B9C340006A5F5 /* PuzzleUser.h */,
				36099971154B9C340006A5F5 /* PuzzleUser.m */,
			);
			path = "Puzzle Models";
			sourceTree = "<group>";
		};
		70AA227F1546457200011F3B = {
			isa = PBXGroup;
			children = (
				70AA22941546457300011F3B /* PuzzleSDK */,
				70AA228D1546457200011F3B /* Frameworks */,
				70AA228B1546457200011F3B /* Products */,
			);
			sourceTree = "<group>";
		};
		70AA228B1546457200011F3B /* Products */ = {
			isa = PBXGroup;
			children = (
				70AA228A1546457200011F3B /* PuzzleSDK.app */,
			);
			name = Products;
			sourceTree = "<group>";
		};
		70AA228D1546457200011F3B /* Frameworks */ = {
			isa = PBXGroup;
			children = (
				70AA228E1546457200011F3B /* UIKit.framework */,
				70AA22901546457200011F3B /* Foundation.framework */,
				70AA22921546457200011F3B /* CoreGraphics.framework */,
			);
			name = Frameworks;
			sourceTree = "<group>";
		};
		70AA22941546457300011F3B /* PuzzleSDK */ = {
			isa = PBXGroup;
			children = (
				36099959154B9C340006A5F5 /* Classes */,
				70AA229D1546457300011F3B /* AppDelegate.h */,
				70AA229E1546457300011F3B /* AppDelegate.m */,
				70AA22951546457300011F3B /* Supporting Files */,
			);
			path = PuzzleSDK;
			sourceTree = "<group>";
		};
		70AA22951546457300011F3B /* Supporting Files */ = {
			isa = PBXGroup;
			children = (
				70AA22961546457300011F3B /* PuzzleSDK-Info.plist */,
				70AA22971546457300011F3B /* InfoPlist.strings */,
				70AA229A1546457300011F3B /* main.m */,
				70AA229C1546457300011F3B /* PuzzleSDK-Prefix.pch */,
			);
			name = "Supporting Files";
			sourceTree = "<group>";
		};
		70E1A46B154BD8B50042B4FF /* PuzzleOperationSubclasses */ = {
			isa = PBXGroup;
			children = (
				36099963154B9C340006A5F5 /* CreateUserOperation.h */,
				36099964154B9C340006A5F5 /* CreateUserOperation.m */,
				36099965154B9C340006A5F5 /* GetPuzzleOperation.h */,
				36099966154B9C340006A5F5 /* GetPuzzleOperation.m */,
				70E1A464154BD48C0042B4FF /* GetAuthTokenForUserOperation.h */,
				70E1A465154BD48C0042B4FF /* GetAuthTokenForUserOperation.m */,
				70E1A468154BD6FA0042B4FF /* DeleteUserOperation.h */,
				70E1A469154BD6FA0042B4FF /* DeleteUserOperation.m */,
				70E1A46C154BD9220042B4FF /* CreatePuzzleOperation.h */,
				70E1A46D154BD9220042B4FF /* CreatePuzzleOperation.m */,
				70E1A46F154BDF5A0042B4FF /* GetPuzzleForUserOperation.h */,
				70E1A470154BDF5A0042B4FF /* GetPuzzleForUserOperation.m */,
				70E1A476154BE2DB0042B4FF /* GetPuzzlesMadeByUserOperation.h */,
				70E1A477154BE2DB0042B4FF /* GetPuzzlesMadeByUserOperation.m */,
				70E1A47A154BE4870042B4FF /* TakePuzzleOperation.h */,
				70E1A47B154BE4880042B4FF /* TakePuzzleOperation.m */,
			);
			name = PuzzleOperationSubclasses;
			sourceTree = "<group>";
		};
/* End PBXGroup section */

/* Begin PBXNativeTarget section */
		70AA22891546457200011F3B /* PuzzleSDK */ = {
			isa = PBXNativeTarget;
			buildConfigurationList = 70AA22A21546457300011F3B /* Build configuration list for PBXNativeTarget "PuzzleSDK" */;
			buildPhases = (
				70AA22861546457200011F3B /* Sources */,
				70AA22871546457200011F3B /* Frameworks */,
				70AA22881546457200011F3B /* Resources */,
			);
			buildRules = (
			);
			dependencies = (
			);
			name = PuzzleSDK;
			productName = PuzzleSDK;
			productReference = 70AA228A1546457200011F3B /* PuzzleSDK.app */;
			productType = "com.apple.product-type.application";
		};
/* End PBXNativeTarget section */

/* Begin PBXProject section */
		70AA22811546457200011F3B /* Project object */ = {
			isa = PBXProject;
			attributes = {
				LastUpgradeCheck = 0420;
			};
			buildConfigurationList = 70AA22841546457200011F3B /* Build configuration list for PBXProject "PuzzleSDK" */;
			compatibilityVersion = "Xcode 3.2";
			developmentRegion = English;
			hasScannedForEncodings = 0;
			knownRegions = (
				en,
			);
			mainGroup = 70AA227F1546457200011F3B;
			productRefGroup = 70AA228B1546457200011F3B /* Products */;
			projectDirPath = "";
			projectRoot = "";
			targets = (
				70AA22891546457200011F3B /* PuzzleSDK */,
			);
		};
/* End PBXProject section */

/* Begin PBXResourcesBuildPhase section */
		70AA22881546457200011F3B /* Resources */ = {
			isa = PBXResourcesBuildPhase;
			buildActionMask = 2147483647;
			files = (
				70AA22991546457300011F3B /* InfoPlist.strings in Resources */,
				36099978154B9C340006A5F5 /* MainViewController.xib in Resources */,
			);
			runOnlyForDeploymentPostprocessing = 0;
		};
/* End PBXResourcesBuildPhase section */

/* Begin PBXSourcesBuildPhase section */
		70AA22861546457200011F3B /* Sources */ = {
			isa = PBXSourcesBuildPhase;
			buildActionMask = 2147483647;
			files = (
				70AA229B1546457300011F3B /* main.m in Sources */,
				70AA229F1546457300011F3B /* AppDelegate.m in Sources */,
				36099977154B9C340006A5F5 /* MainViewController.m in Sources */,
				36099979154B9C340006A5F5 /* PuzzleAPIURLFactory.m in Sources */,
				3609997A154B9C340006A5F5 /* CreateUserOperation.m in Sources */,
				3609997B154B9C340006A5F5 /* GetPuzzleOperation.m in Sources */,
				3609997C154B9C340006A5F5 /* PuzzleOperation.m in Sources */,
				3609997D154B9C340006A5F5 /* PuzzleOperationManager.m in Sources */,
				3609997E154B9C340006A5F5 /* JSONKit.m in Sources */,
				3609997F154B9C340006A5F5 /* PuzzleUser.m in Sources */,
				36099980154B9C340006A5F5 /* PuzzleErrorHandler.m in Sources */,
				36099981154B9C340006A5F5 /* PuzzleSDK.m in Sources */,
				70E1A466154BD48C0042B4FF /* GetAuthTokenForUserOperation.m in Sources */,
				70E1A46A154BD6FA0042B4FF /* DeleteUserOperation.m in Sources */,
				70E1A46E154BD9220042B4FF /* CreatePuzzleOperation.m in Sources */,
				70E1A471154BDF5B0042B4FF /* GetPuzzleForUserOperation.m in Sources */,
				70E1A478154BE2DC0042B4FF /* GetPuzzlesMadeByUserOperation.m in Sources */,
				70E1A47C154BE4890042B4FF /* TakePuzzleOperation.m in Sources */,
			);
			runOnlyForDeploymentPostprocessing = 0;
		};
/* End PBXSourcesBuildPhase section */

/* Begin PBXVariantGroup section */
		70AA22971546457300011F3B /* InfoPlist.strings */ = {
			isa = PBXVariantGroup;
			children = (
				70AA22981546457300011F3B /* en */,
			);
			name = InfoPlist.strings;
			sourceTree = "<group>";
		};
/* End PBXVariantGroup section */

/* Begin XCBuildConfiguration section */
		70AA22A01546457300011F3B /* Debug */ = {
			isa = XCBuildConfiguration;
			buildSettings = {
				ALWAYS_SEARCH_USER_PATHS = NO;
				ARCHS = "$(ARCHS_STANDARD_32_BIT)";
				"CODE_SIGN_IDENTITY[sdk=iphoneos*]" = "iPhone Developer";
				COPY_PHASE_STRIP = NO;
				GCC_C_LANGUAGE_STANDARD = gnu99;
				GCC_DYNAMIC_NO_PIC = NO;
				GCC_OPTIMIZATION_LEVEL = 0;
				GCC_PREPROCESSOR_DEFINITIONS = (
					"DEBUG=1",
					"$(inherited)",
				);
				GCC_SYMBOLS_PRIVATE_EXTERN = NO;
				GCC_VERSION = com.apple.compilers.llvm.clang.1_0;
				GCC_WARN_ABOUT_MISSING_PROTOTYPES = YES;
				GCC_WARN_ABOUT_RETURN_TYPE = YES;
				GCC_WARN_UNUSED_VARIABLE = YES;
				IPHONEOS_DEPLOYMENT_TARGET = 5.0;
				SDKROOT = iphoneos;
				TARGETED_DEVICE_FAMILY = "1,2";
			};
			name = Debug;
		};
		70AA22A11546457300011F3B /* Release */ = {
			isa = XCBuildConfiguration;
			buildSettings = {
				ALWAYS_SEARCH_USER_PATHS = NO;
				ARCHS = "$(ARCHS_STANDARD_32_BIT)";
				"CODE_SIGN_IDENTITY[sdk=iphoneos*]" = "iPhone Developer";
				COPY_PHASE_STRIP = YES;
				GCC_C_LANGUAGE_STANDARD = gnu99;
				GCC_VERSION = com.apple.compilers.llvm.clang.1_0;
				GCC_WARN_ABOUT_MISSING_PROTOTYPES = YES;
				GCC_WARN_ABOUT_RETURN_TYPE = YES;
				GCC_WARN_UNUSED_VARIABLE = YES;
				IPHONEOS_DEPLOYMENT_TARGET = 5.0;
				OTHER_CFLAGS = "-DNS_BLOCK_ASSERTIONS=1";
				SDKROOT = iphoneos;
				TARGETED_DEVICE_FAMILY = "1,2";
				VALIDATE_PRODUCT = YES;
			};
			name = Release;
		};
		70AA22A31546457300011F3B /* Debug */ = {
			isa = XCBuildConfiguration;
			buildSettings = {
				GCC_PRECOMPILE_PREFIX_HEADER = YES;
				GCC_PREFIX_HEADER = "PuzzleSDK/PuzzleSDK-Prefix.pch";
				INFOPLIST_FILE = "PuzzleSDK/PuzzleSDK-Info.plist";
				PRODUCT_NAME = "$(TARGET_NAME)";
				WRAPPER_EXTENSION = app;
			};
			name = Debug;
		};
		70AA22A41546457300011F3B /* Release */ = {
			isa = XCBuildConfiguration;
			buildSettings = {
				GCC_PRECOMPILE_PREFIX_HEADER = YES;
				GCC_PREFIX_HEADER = "PuzzleSDK/PuzzleSDK-Prefix.pch";
				INFOPLIST_FILE = "PuzzleSDK/PuzzleSDK-Info.plist";
				PRODUCT_NAME = "$(TARGET_NAME)";
				WRAPPER_EXTENSION = app;
			};
			name = Release;
		};
/* End XCBuildConfiguration section */

/* Begin XCConfigurationList section */
		70AA22841546457200011F3B /* Build configuration list for PBXProject "PuzzleSDK" */ = {
			isa = XCConfigurationList;
			buildConfigurations = (
				70AA22A01546457300011F3B /* Debug */,
				70AA22A11546457300011F3B /* Release */,
			);
			defaultConfigurationIsVisible = 0;
			defaultConfigurationName = Release;
		};
		70AA22A21546457300011F3B /* Build configuration list for PBXNativeTarget "PuzzleSDK" */ = {
			isa = XCConfigurationList;
			buildConfigurations = (
				70AA22A31546457300011F3B /* Debug */,
				70AA22A41546457300011F3B /* Release */,
			);
			defaultConfigurationIsVisible = 0;
			defaultConfigurationName = Release;
		};
/* End XCConfigurationList section */
	};
	rootObject = 70AA22811546457200011F3B /* Project object */;
}
