// !$*UTF8*$!
{
	archiveVersion = 1;
	classes = {
	};
	objectVersion = 46;
	objects = {

/* Begin PBXBuildFile section */
		36099943154B9B120006A5F5 /* UIKit.framework in Frameworks */ = {isa = PBXBuildFile; fileRef = 36099942154B9B120006A5F5 /* UIKit.framework */; };
		36099945154B9B120006A5F5 /* Foundation.framework in Frameworks */ = {isa = PBXBuildFile; fileRef = 36099944154B9B120006A5F5 /* Foundation.framework */; };
		36099947154B9B120006A5F5 /* CoreGraphics.framework in Frameworks */ = {isa = PBXBuildFile; fileRef = 36099946154B9B120006A5F5 /* CoreGraphics.framework */; };
		3609994D154B9B120006A5F5 /* InfoPlist.strings in Resources */ = {isa = PBXBuildFile; fileRef = 3609994B154B9B120006A5F5 /* InfoPlist.strings */; };
		3609994F154B9B120006A5F5 /* main.m in Sources */ = {isa = PBXBuildFile; fileRef = 3609994E154B9B120006A5F5 /* main.m */; };
		36099953154B9B120006A5F5 /* AppDelegate.m in Sources */ = {isa = PBXBuildFile; fileRef = 36099952154B9B120006A5F5 /* AppDelegate.m */; };
		360999BA154B9F190006A5F5 /* PuzzleAPIURLFactory.h.orig in Resources */ = {isa = PBXBuildFile; fileRef = 36099991154B9F190006A5F5 /* PuzzleAPIURLFactory.h.orig */; };
		360999BB154B9F190006A5F5 /* PuzzleAPIURLFactory.m in Sources */ = {isa = PBXBuildFile; fileRef = 36099992154B9F190006A5F5 /* PuzzleAPIURLFactory.m */; };
		360999BC154B9F190006A5F5 /* PuzzleAPIURLFactory.m.orig in Resources */ = {isa = PBXBuildFile; fileRef = 36099993154B9F190006A5F5 /* PuzzleAPIURLFactory.m.orig */; };
		360999BD154B9F190006A5F5 /* CreateUserOperation.h.orig in Resources */ = {isa = PBXBuildFile; fileRef = 36099996154B9F190006A5F5 /* CreateUserOperation.h.orig */; };
		360999BE154B9F190006A5F5 /* CreateUserOperation.m in Sources */ = {isa = PBXBuildFile; fileRef = 36099997154B9F190006A5F5 /* CreateUserOperation.m */; };
		360999BF154B9F190006A5F5 /* CreateUserOperation.m.orig in Resources */ = {isa = PBXBuildFile; fileRef = 36099998154B9F190006A5F5 /* CreateUserOperation.m.orig */; };
		360999C0154B9F190006A5F5 /* GetPuzzleOperation.h.orig in Resources */ = {isa = PBXBuildFile; fileRef = 3609999A154B9F190006A5F5 /* GetPuzzleOperation.h.orig */; };
		360999C1154B9F190006A5F5 /* GetPuzzleOperation.m in Sources */ = {isa = PBXBuildFile; fileRef = 3609999B154B9F190006A5F5 /* GetPuzzleOperation.m */; };
		360999C2154B9F190006A5F5 /* GetPuzzleOperation.m.orig in Resources */ = {isa = PBXBuildFile; fileRef = 3609999C154B9F190006A5F5 /* GetPuzzleOperation.m.orig */; };
		360999C3154B9F190006A5F5 /* PuzzleOperation.h.orig in Resources */ = {isa = PBXBuildFile; fileRef = 3609999E154B9F190006A5F5 /* PuzzleOperation.h.orig */; };
		360999C4154B9F190006A5F5 /* PuzzleOperation.m in Sources */ = {isa = PBXBuildFile; fileRef = 3609999F154B9F190006A5F5 /* PuzzleOperation.m */; };
		360999C5154B9F190006A5F5 /* PuzzleOperation.m.orig in Resources */ = {isa = PBXBuildFile; fileRef = 360999A0154B9F190006A5F5 /* PuzzleOperation.m.orig */; };
		360999C6154B9F190006A5F5 /* PuzzleOperationManager.h.orig in Resources */ = {isa = PBXBuildFile; fileRef = 360999A2154B9F190006A5F5 /* PuzzleOperationManager.h.orig */; };
		360999C7154B9F190006A5F5 /* PuzzleOperationManager.m in Sources */ = {isa = PBXBuildFile; fileRef = 360999A3154B9F190006A5F5 /* PuzzleOperationManager.m */; };
		360999C8154B9F190006A5F5 /* PuzzleOperationManager.m.orig in Resources */ = {isa = PBXBuildFile; fileRef = 360999A4154B9F190006A5F5 /* PuzzleOperationManager.m.orig */; };
		360999C9154B9F190006A5F5 /* JSONKit.h.orig in Resources */ = {isa = PBXBuildFile; fileRef = 360999A7154B9F190006A5F5 /* JSONKit.h.orig */; };
		360999CA154B9F190006A5F5 /* JSONKit.m in Sources */ = {isa = PBXBuildFile; fileRef = 360999A8154B9F190006A5F5 /* JSONKit.m */; };
		360999CB154B9F190006A5F5 /* JSONKit.m.orig in Resources */ = {isa = PBXBuildFile; fileRef = 360999A9154B9F190006A5F5 /* JSONKit.m.orig */; };
		360999CC154B9F190006A5F5 /* PuzzleUser.h.orig in Resources */ = {isa = PBXBuildFile; fileRef = 360999AD154B9F190006A5F5 /* PuzzleUser.h.orig */; };
		360999CD154B9F190006A5F5 /* PuzzleUser.m in Sources */ = {isa = PBXBuildFile; fileRef = 360999AE154B9F190006A5F5 /* PuzzleUser.m */; };
		360999CE154B9F190006A5F5 /* PuzzleUser.m.orig in Resources */ = {isa = PBXBuildFile; fileRef = 360999AF154B9F190006A5F5 /* PuzzleUser.m.orig */; };
		360999CF154B9F190006A5F5 /* PuzzleAPIKey.h.orig in Resources */ = {isa = PBXBuildFile; fileRef = 360999B1154B9F190006A5F5 /* PuzzleAPIKey.h.orig */; };
		360999D0154B9F190006A5F5 /* PuzzleErrorHandler.h.orig in Resources */ = {isa = PBXBuildFile; fileRef = 360999B3154B9F190006A5F5 /* PuzzleErrorHandler.h.orig */; };
		360999D1154B9F190006A5F5 /* PuzzleErrorHandler.m in Sources */ = {isa = PBXBuildFile; fileRef = 360999B4154B9F190006A5F5 /* PuzzleErrorHandler.m */; };
		360999D2154B9F190006A5F5 /* PuzzleErrorHandler.m.orig in Resources */ = {isa = PBXBuildFile; fileRef = 360999B5154B9F190006A5F5 /* PuzzleErrorHandler.m.orig */; };
		360999D3154B9F190006A5F5 /* PuzzleSDK.h.orig in Resources */ = {isa = PBXBuildFile; fileRef = 360999B7154B9F190006A5F5 /* PuzzleSDK.h.orig */; };
		360999D4154B9F190006A5F5 /* PuzzleSDK.m in Sources */ = {isa = PBXBuildFile; fileRef = 360999B8154B9F190006A5F5 /* PuzzleSDK.m */; };
		360999D5154B9F190006A5F5 /* PuzzleSDK.m.orig in Resources */ = {isa = PBXBuildFile; fileRef = 360999B9154B9F190006A5F5 /* PuzzleSDK.m.orig */; };
/* End PBXBuildFile section */

/* Begin PBXFileReference section */
		3609993E154B9B120006A5F5 /* ChessTactics.app */ = {isa = PBXFileReference; explicitFileType = wrapper.application; includeInIndex = 0; path = ChessTactics.app; sourceTree = BUILT_PRODUCTS_DIR; };
		36099942154B9B120006A5F5 /* UIKit.framework */ = {isa = PBXFileReference; lastKnownFileType = wrapper.framework; name = UIKit.framework; path = System/Library/Frameworks/UIKit.framework; sourceTree = SDKROOT; };
		36099944154B9B120006A5F5 /* Foundation.framework */ = {isa = PBXFileReference; lastKnownFileType = wrapper.framework; name = Foundation.framework; path = System/Library/Frameworks/Foundation.framework; sourceTree = SDKROOT; };
		36099946154B9B120006A5F5 /* CoreGraphics.framework */ = {isa = PBXFileReference; lastKnownFileType = wrapper.framework; name = CoreGraphics.framework; path = System/Library/Frameworks/CoreGraphics.framework; sourceTree = SDKROOT; };
		3609994A154B9B120006A5F5 /* ChessTactics-Info.plist */ = {isa = PBXFileReference; lastKnownFileType = text.plist.xml; path = "ChessTactics-Info.plist"; sourceTree = "<group>"; };
		3609994C154B9B120006A5F5 /* en */ = {isa = PBXFileReference; lastKnownFileType = text.plist.strings; name = en; path = en.lproj/InfoPlist.strings; sourceTree = "<group>"; };
		3609994E154B9B120006A5F5 /* main.m */ = {isa = PBXFileReference; lastKnownFileType = sourcecode.c.objc; path = main.m; sourceTree = "<group>"; };
		36099950154B9B120006A5F5 /* ChessTactics-Prefix.pch */ = {isa = PBXFileReference; lastKnownFileType = sourcecode.c.h; path = "ChessTactics-Prefix.pch"; sourceTree = "<group>"; };
		36099951154B9B120006A5F5 /* AppDelegate.h */ = {isa = PBXFileReference; lastKnownFileType = sourcecode.c.h; path = AppDelegate.h; sourceTree = "<group>"; };
		36099952154B9B120006A5F5 /* AppDelegate.m */ = {isa = PBXFileReference; lastKnownFileType = sourcecode.c.objc; path = AppDelegate.m; sourceTree = "<group>"; };
		36099990154B9F190006A5F5 /* PuzzleAPIURLFactory.h */ = {isa = PBXFileReference; fileEncoding = 4; lastKnownFileType = sourcecode.c.h; path = PuzzleAPIURLFactory.h; sourceTree = "<group>"; };
		36099991154B9F190006A5F5 /* PuzzleAPIURLFactory.h.orig */ = {isa = PBXFileReference; fileEncoding = 4; lastKnownFileType = text; path = PuzzleAPIURLFactory.h.orig; sourceTree = "<group>"; };
		36099992154B9F190006A5F5 /* PuzzleAPIURLFactory.m */ = {isa = PBXFileReference; fileEncoding = 4; lastKnownFileType = sourcecode.c.objc; path = PuzzleAPIURLFactory.m; sourceTree = "<group>"; };
		36099993154B9F190006A5F5 /* PuzzleAPIURLFactory.m.orig */ = {isa = PBXFileReference; fileEncoding = 4; lastKnownFileType = text; path = PuzzleAPIURLFactory.m.orig; sourceTree = "<group>"; };
		36099995154B9F190006A5F5 /* CreateUserOperation.h */ = {isa = PBXFileReference; fileEncoding = 4; lastKnownFileType = sourcecode.c.h; path = CreateUserOperation.h; sourceTree = "<group>"; };
		36099996154B9F190006A5F5 /* CreateUserOperation.h.orig */ = {isa = PBXFileReference; fileEncoding = 4; lastKnownFileType = text; path = CreateUserOperation.h.orig; sourceTree = "<group>"; };
		36099997154B9F190006A5F5 /* CreateUserOperation.m */ = {isa = PBXFileReference; fileEncoding = 4; lastKnownFileType = sourcecode.c.objc; path = CreateUserOperation.m; sourceTree = "<group>"; };
		36099998154B9F190006A5F5 /* CreateUserOperation.m.orig */ = {isa = PBXFileReference; fileEncoding = 4; lastKnownFileType = text; path = CreateUserOperation.m.orig; sourceTree = "<group>"; };
		36099999154B9F190006A5F5 /* GetPuzzleOperation.h */ = {isa = PBXFileReference; fileEncoding = 4; lastKnownFileType = sourcecode.c.h; path = GetPuzzleOperation.h; sourceTree = "<group>"; };
		3609999A154B9F190006A5F5 /* GetPuzzleOperation.h.orig */ = {isa = PBXFileReference; fileEncoding = 4; lastKnownFileType = text; path = GetPuzzleOperation.h.orig; sourceTree = "<group>"; };
		3609999B154B9F190006A5F5 /* GetPuzzleOperation.m */ = {isa = PBXFileReference; fileEncoding = 4; lastKnownFileType = sourcecode.c.objc; path = GetPuzzleOperation.m; sourceTree = "<group>"; };
		3609999C154B9F190006A5F5 /* GetPuzzleOperation.m.orig */ = {isa = PBXFileReference; fileEncoding = 4; lastKnownFileType = text; path = GetPuzzleOperation.m.orig; sourceTree = "<group>"; };
		3609999D154B9F190006A5F5 /* PuzzleOperation.h */ = {isa = PBXFileReference; fileEncoding = 4; lastKnownFileType = sourcecode.c.h; path = PuzzleOperation.h; sourceTree = "<group>"; };
		3609999E154B9F190006A5F5 /* PuzzleOperation.h.orig */ = {isa = PBXFileReference; fileEncoding = 4; lastKnownFileType = text; path = PuzzleOperation.h.orig; sourceTree = "<group>"; };
		3609999F154B9F190006A5F5 /* PuzzleOperation.m */ = {isa = PBXFileReference; fileEncoding = 4; lastKnownFileType = sourcecode.c.objc; path = PuzzleOperation.m; sourceTree = "<group>"; };
		360999A0154B9F190006A5F5 /* PuzzleOperation.m.orig */ = {isa = PBXFileReference; fileEncoding = 4; lastKnownFileType = text; path = PuzzleOperation.m.orig; sourceTree = "<group>"; };
		360999A1154B9F190006A5F5 /* PuzzleOperationManager.h */ = {isa = PBXFileReference; fileEncoding = 4; lastKnownFileType = sourcecode.c.h; path = PuzzleOperationManager.h; sourceTree = "<group>"; };
		360999A2154B9F190006A5F5 /* PuzzleOperationManager.h.orig */ = {isa = PBXFileReference; fileEncoding = 4; lastKnownFileType = text; path = PuzzleOperationManager.h.orig; sourceTree = "<group>"; };
		360999A3154B9F190006A5F5 /* PuzzleOperationManager.m */ = {isa = PBXFileReference; fileEncoding = 4; lastKnownFileType = sourcecode.c.objc; path = PuzzleOperationManager.m; sourceTree = "<group>"; };
		360999A4154B9F190006A5F5 /* PuzzleOperationManager.m.orig */ = {isa = PBXFileReference; fileEncoding = 4; lastKnownFileType = text; path = PuzzleOperationManager.m.orig; sourceTree = "<group>"; };
		360999A6154B9F190006A5F5 /* JSONKit.h */ = {isa = PBXFileReference; fileEncoding = 4; lastKnownFileType = sourcecode.c.h; path = JSONKit.h; sourceTree = "<group>"; };
		360999A7154B9F190006A5F5 /* JSONKit.h.orig */ = {isa = PBXFileReference; fileEncoding = 4; lastKnownFileType = text; path = JSONKit.h.orig; sourceTree = "<group>"; };
		360999A8154B9F190006A5F5 /* JSONKit.m */ = {isa = PBXFileReference; fileEncoding = 4; lastKnownFileType = sourcecode.c.objc; path = JSONKit.m; sourceTree = "<group>"; };
		360999A9154B9F190006A5F5 /* JSONKit.m.orig */ = {isa = PBXFileReference; fileEncoding = 4; lastKnownFileType = text; path = JSONKit.m.orig; sourceTree = "<group>"; };
		360999AC154B9F190006A5F5 /* PuzzleUser.h */ = {isa = PBXFileReference; fileEncoding = 4; lastKnownFileType = sourcecode.c.h; path = PuzzleUser.h; sourceTree = "<group>"; };
		360999AD154B9F190006A5F5 /* PuzzleUser.h.orig */ = {isa = PBXFileReference; fileEncoding = 4; lastKnownFileType = text; path = PuzzleUser.h.orig; sourceTree = "<group>"; };
		360999AE154B9F190006A5F5 /* PuzzleUser.m */ = {isa = PBXFileReference; fileEncoding = 4; lastKnownFileType = sourcecode.c.objc; path = PuzzleUser.m; sourceTree = "<group>"; };
		360999AF154B9F190006A5F5 /* PuzzleUser.m.orig */ = {isa = PBXFileReference; fileEncoding = 4; lastKnownFileType = text; path = PuzzleUser.m.orig; sourceTree = "<group>"; };
		360999B0154B9F190006A5F5 /* PuzzleAPIKey.h */ = {isa = PBXFileReference; fileEncoding = 4; lastKnownFileType = sourcecode.c.h; path = PuzzleAPIKey.h; sourceTree = "<group>"; };
		360999B1154B9F190006A5F5 /* PuzzleAPIKey.h.orig */ = {isa = PBXFileReference; fileEncoding = 4; lastKnownFileType = text; path = PuzzleAPIKey.h.orig; sourceTree = "<group>"; };
		360999B2154B9F190006A5F5 /* PuzzleErrorHandler.h */ = {isa = PBXFileReference; fileEncoding = 4; lastKnownFileType = sourcecode.c.h; path = PuzzleErrorHandler.h; sourceTree = "<group>"; };
		360999B3154B9F190006A5F5 /* PuzzleErrorHandler.h.orig */ = {isa = PBXFileReference; fileEncoding = 4; lastKnownFileType = text; path = PuzzleErrorHandler.h.orig; sourceTree = "<group>"; };
		360999B4154B9F190006A5F5 /* PuzzleErrorHandler.m */ = {isa = PBXFileReference; fileEncoding = 4; lastKnownFileType = sourcecode.c.objc; path = PuzzleErrorHandler.m; sourceTree = "<group>"; };
		360999B5154B9F190006A5F5 /* PuzzleErrorHandler.m.orig */ = {isa = PBXFileReference; fileEncoding = 4; lastKnownFileType = text; path = PuzzleErrorHandler.m.orig; sourceTree = "<group>"; };
		360999B6154B9F190006A5F5 /* PuzzleSDK.h */ = {isa = PBXFileReference; fileEncoding = 4; lastKnownFileType = sourcecode.c.h; path = PuzzleSDK.h; sourceTree = "<group>"; };
		360999B7154B9F190006A5F5 /* PuzzleSDK.h.orig */ = {isa = PBXFileReference; fileEncoding = 4; lastKnownFileType = text; path = PuzzleSDK.h.orig; sourceTree = "<group>"; };
		360999B8154B9F190006A5F5 /* PuzzleSDK.m */ = {isa = PBXFileReference; fileEncoding = 4; lastKnownFileType = sourcecode.c.objc; path = PuzzleSDK.m; sourceTree = "<group>"; };
		360999B9154B9F190006A5F5 /* PuzzleSDK.m.orig */ = {isa = PBXFileReference; fileEncoding = 4; lastKnownFileType = text; path = PuzzleSDK.m.orig; sourceTree = "<group>"; };
/* End PBXFileReference section */

/* Begin PBXFrameworksBuildPhase section */
		3609993B154B9B120006A5F5 /* Frameworks */ = {
			isa = PBXFrameworksBuildPhase;
			buildActionMask = 2147483647;
			files = (
				36099943154B9B120006A5F5 /* UIKit.framework in Frameworks */,
				36099945154B9B120006A5F5 /* Foundation.framework in Frameworks */,
				36099947154B9B120006A5F5 /* CoreGraphics.framework in Frameworks */,
			);
			runOnlyForDeploymentPostprocessing = 0;
		};
/* End PBXFrameworksBuildPhase section */

/* Begin PBXGroup section */
		36099933154B9B120006A5F5 = {
			isa = PBXGroup;
			children = (
				36099948154B9B120006A5F5 /* ChessTactics */,
				36099941154B9B120006A5F5 /* Frameworks */,
				3609993F154B9B120006A5F5 /* Products */,
			);
			sourceTree = "<group>";
		};
		3609993F154B9B120006A5F5 /* Products */ = {
			isa = PBXGroup;
			children = (
				3609993E154B9B120006A5F5 /* ChessTactics.app */,
			);
			name = Products;
			sourceTree = "<group>";
		};
		36099941154B9B120006A5F5 /* Frameworks */ = {
			isa = PBXGroup;
			children = (
				36099942154B9B120006A5F5 /* UIKit.framework */,
				36099944154B9B120006A5F5 /* Foundation.framework */,
				36099946154B9B120006A5F5 /* CoreGraphics.framework */,
			);
			name = Frameworks;
			sourceTree = "<group>";
		};
		36099948154B9B120006A5F5 /* ChessTactics */ = {
			isa = PBXGroup;
			children = (
				3609998E154B9F190006A5F5 /* SDK */,
				36099951154B9B120006A5F5 /* AppDelegate.h */,
				36099952154B9B120006A5F5 /* AppDelegate.m */,
				36099949154B9B120006A5F5 /* Supporting Files */,
			);
			path = ChessTactics;
			sourceTree = "<group>";
		};
		36099949154B9B120006A5F5 /* Supporting Files */ = {
			isa = PBXGroup;
			children = (
				3609994A154B9B120006A5F5 /* ChessTactics-Info.plist */,
				3609994B154B9B120006A5F5 /* InfoPlist.strings */,
				3609994E154B9B120006A5F5 /* main.m */,
				36099950154B9B120006A5F5 /* ChessTactics-Prefix.pch */,
			);
			name = "Supporting Files";
			sourceTree = "<group>";
		};
		3609998E154B9F190006A5F5 /* SDK */ = {
			isa = PBXGroup;
			children = (
				3609998F154B9F190006A5F5 /* Private */,
				360999AA154B9F190006A5F5 /* Public */,
			);
			name = SDK;
			path = ../../../SDKs/ios/PuzzleSDK/PuzzleSDK/Classes/SDK;
			sourceTree = "<group>";
		};
		3609998F154B9F190006A5F5 /* Private */ = {
			isa = PBXGroup;
			children = (
				36099990154B9F190006A5F5 /* PuzzleAPIURLFactory.h */,
				36099991154B9F190006A5F5 /* PuzzleAPIURLFactory.h.orig */,
				36099992154B9F190006A5F5 /* PuzzleAPIURLFactory.m */,
				36099993154B9F190006A5F5 /* PuzzleAPIURLFactory.m.orig */,
				36099994154B9F190006A5F5 /* PuzzleOperations */,
				360999A5154B9F190006A5F5 /* Vendor */,
			);
			path = Private;
			sourceTree = "<group>";
		};
		36099994154B9F190006A5F5 /* PuzzleOperations */ = {
			isa = PBXGroup;
			children = (
				36099995154B9F190006A5F5 /* CreateUserOperation.h */,
				36099996154B9F190006A5F5 /* CreateUserOperation.h.orig */,
				36099997154B9F190006A5F5 /* CreateUserOperation.m */,
				36099998154B9F190006A5F5 /* CreateUserOperation.m.orig */,
				36099999154B9F190006A5F5 /* GetPuzzleOperation.h */,
				3609999A154B9F190006A5F5 /* GetPuzzleOperation.h.orig */,
				3609999B154B9F190006A5F5 /* GetPuzzleOperation.m */,
				3609999C154B9F190006A5F5 /* GetPuzzleOperation.m.orig */,
				3609999D154B9F190006A5F5 /* PuzzleOperation.h */,
				3609999E154B9F190006A5F5 /* PuzzleOperation.h.orig */,
				3609999F154B9F190006A5F5 /* PuzzleOperation.m */,
				360999A0154B9F190006A5F5 /* PuzzleOperation.m.orig */,
				360999A1154B9F190006A5F5 /* PuzzleOperationManager.h */,
				360999A2154B9F190006A5F5 /* PuzzleOperationManager.h.orig */,
				360999A3154B9F190006A5F5 /* PuzzleOperationManager.m */,
				360999A4154B9F190006A5F5 /* PuzzleOperationManager.m.orig */,
			);
			path = PuzzleOperations;
			sourceTree = "<group>";
		};
		360999A5154B9F190006A5F5 /* Vendor */ = {
			isa = PBXGroup;
			children = (
				360999A6154B9F190006A5F5 /* JSONKit.h */,
				360999A7154B9F190006A5F5 /* JSONKit.h.orig */,
				360999A8154B9F190006A5F5 /* JSONKit.m */,
				360999A9154B9F190006A5F5 /* JSONKit.m.orig */,
			);
			path = Vendor;
			sourceTree = "<group>";
		};
		360999AA154B9F190006A5F5 /* Public */ = {
			isa = PBXGroup;
			children = (
				360999AB154B9F190006A5F5 /* Puzzle Models */,
				360999B0154B9F190006A5F5 /* PuzzleAPIKey.h */,
				360999B1154B9F190006A5F5 /* PuzzleAPIKey.h.orig */,
				360999B2154B9F190006A5F5 /* PuzzleErrorHandler.h */,
				360999B3154B9F190006A5F5 /* PuzzleErrorHandler.h.orig */,
				360999B4154B9F190006A5F5 /* PuzzleErrorHandler.m */,
				360999B5154B9F190006A5F5 /* PuzzleErrorHandler.m.orig */,
				360999B6154B9F190006A5F5 /* PuzzleSDK.h */,
				360999B7154B9F190006A5F5 /* PuzzleSDK.h.orig */,
				360999B8154B9F190006A5F5 /* PuzzleSDK.m */,
				360999B9154B9F190006A5F5 /* PuzzleSDK.m.orig */,
			);
			path = Public;
			sourceTree = "<group>";
		};
		360999AB154B9F190006A5F5 /* Puzzle Models */ = {
			isa = PBXGroup;
			children = (
				360999AC154B9F190006A5F5 /* PuzzleUser.h */,
				360999AD154B9F190006A5F5 /* PuzzleUser.h.orig */,
				360999AE154B9F190006A5F5 /* PuzzleUser.m */,
				360999AF154B9F190006A5F5 /* PuzzleUser.m.orig */,
			);
			path = "Puzzle Models";
			sourceTree = "<group>";
		};
/* End PBXGroup section */

/* Begin PBXNativeTarget section */
		3609993D154B9B120006A5F5 /* ChessTactics */ = {
			isa = PBXNativeTarget;
			buildConfigurationList = 36099956154B9B120006A5F5 /* Build configuration list for PBXNativeTarget "ChessTactics" */;
			buildPhases = (
				3609993A154B9B120006A5F5 /* Sources */,
				3609993B154B9B120006A5F5 /* Frameworks */,
				3609993C154B9B120006A5F5 /* Resources */,
			);
			buildRules = (
			);
			dependencies = (
			);
			name = ChessTactics;
			productName = ChessTactics;
			productReference = 3609993E154B9B120006A5F5 /* ChessTactics.app */;
			productType = "com.apple.product-type.application";
		};
/* End PBXNativeTarget section */

/* Begin PBXProject section */
		36099935154B9B120006A5F5 /* Project object */ = {
			isa = PBXProject;
			attributes = {
				LastUpgradeCheck = 0430;
				ORGANIZATIONNAME = Stanford;
			};
			buildConfigurationList = 36099938154B9B120006A5F5 /* Build configuration list for PBXProject "ChessTactics" */;
			compatibilityVersion = "Xcode 3.2";
			developmentRegion = English;
			hasScannedForEncodings = 0;
			knownRegions = (
				en,
			);
			mainGroup = 36099933154B9B120006A5F5;
			productRefGroup = 3609993F154B9B120006A5F5 /* Products */;
			projectDirPath = "";
			projectRoot = "";
			targets = (
				3609993D154B9B120006A5F5 /* ChessTactics */,
			);
		};
/* End PBXProject section */

/* Begin PBXResourcesBuildPhase section */
		3609993C154B9B120006A5F5 /* Resources */ = {
			isa = PBXResourcesBuildPhase;
			buildActionMask = 2147483647;
			files = (
				3609994D154B9B120006A5F5 /* InfoPlist.strings in Resources */,
				360999BA154B9F190006A5F5 /* PuzzleAPIURLFactory.h.orig in Resources */,
				360999BC154B9F190006A5F5 /* PuzzleAPIURLFactory.m.orig in Resources */,
				360999BD154B9F190006A5F5 /* CreateUserOperation.h.orig in Resources */,
				360999BF154B9F190006A5F5 /* CreateUserOperation.m.orig in Resources */,
				360999C0154B9F190006A5F5 /* GetPuzzleOperation.h.orig in Resources */,
				360999C2154B9F190006A5F5 /* GetPuzzleOperation.m.orig in Resources */,
				360999C3154B9F190006A5F5 /* PuzzleOperation.h.orig in Resources */,
				360999C5154B9F190006A5F5 /* PuzzleOperation.m.orig in Resources */,
				360999C6154B9F190006A5F5 /* PuzzleOperationManager.h.orig in Resources */,
				360999C8154B9F190006A5F5 /* PuzzleOperationManager.m.orig in Resources */,
				360999C9154B9F190006A5F5 /* JSONKit.h.orig in Resources */,
				360999CB154B9F190006A5F5 /* JSONKit.m.orig in Resources */,
				360999CC154B9F190006A5F5 /* PuzzleUser.h.orig in Resources */,
				360999CE154B9F190006A5F5 /* PuzzleUser.m.orig in Resources */,
				360999CF154B9F190006A5F5 /* PuzzleAPIKey.h.orig in Resources */,
				360999D0154B9F190006A5F5 /* PuzzleErrorHandler.h.orig in Resources */,
				360999D2154B9F190006A5F5 /* PuzzleErrorHandler.m.orig in Resources */,
				360999D3154B9F190006A5F5 /* PuzzleSDK.h.orig in Resources */,
				360999D5154B9F190006A5F5 /* PuzzleSDK.m.orig in Resources */,
			);
			runOnlyForDeploymentPostprocessing = 0;
		};
/* End PBXResourcesBuildPhase section */

/* Begin PBXSourcesBuildPhase section */
		3609993A154B9B120006A5F5 /* Sources */ = {
			isa = PBXSourcesBuildPhase;
			buildActionMask = 2147483647;
			files = (
				3609994F154B9B120006A5F5 /* main.m in Sources */,
				36099953154B9B120006A5F5 /* AppDelegate.m in Sources */,
				360999BB154B9F190006A5F5 /* PuzzleAPIURLFactory.m in Sources */,
				360999BE154B9F190006A5F5 /* CreateUserOperation.m in Sources */,
				360999C1154B9F190006A5F5 /* GetPuzzleOperation.m in Sources */,
				360999C4154B9F190006A5F5 /* PuzzleOperation.m in Sources */,
				360999C7154B9F190006A5F5 /* PuzzleOperationManager.m in Sources */,
				360999CA154B9F190006A5F5 /* JSONKit.m in Sources */,
				360999CD154B9F190006A5F5 /* PuzzleUser.m in Sources */,
				360999D1154B9F190006A5F5 /* PuzzleErrorHandler.m in Sources */,
				360999D4154B9F190006A5F5 /* PuzzleSDK.m in Sources */,
			);
			runOnlyForDeploymentPostprocessing = 0;
		};
/* End PBXSourcesBuildPhase section */

/* Begin PBXVariantGroup section */
		3609994B154B9B120006A5F5 /* InfoPlist.strings */ = {
			isa = PBXVariantGroup;
			children = (
				3609994C154B9B120006A5F5 /* en */,
			);
			name = InfoPlist.strings;
			sourceTree = "<group>";
		};
/* End PBXVariantGroup section */

/* Begin XCBuildConfiguration section */
		36099954154B9B120006A5F5 /* Debug */ = {
			isa = XCBuildConfiguration;
			buildSettings = {
				ALWAYS_SEARCH_USER_PATHS = NO;
				ARCHS = "$(ARCHS_STANDARD_32_BIT)";
				"CODE_SIGN_IDENTITY[sdk=iphoneos*]" = "iPhone Developer";
				COPY_PHASE_STRIP = NO;
				GCC_C_LANGUAGE_STANDARD = gnu99;
				GCC_DYNAMIC_NO_PIC = NO;
				GCC_OPTIMIZATION_LEVEL = 0;
				GCC_PREPROCESSOR_DEFINITIONS = (
					"DEBUG=1",
					"$(inherited)",
				);
				GCC_SYMBOLS_PRIVATE_EXTERN = NO;
				GCC_VERSION = com.apple.compilers.llvm.clang.1_0;
				GCC_WARN_ABOUT_RETURN_TYPE = YES;
				GCC_WARN_UNINITIALIZED_AUTOS = YES;
				GCC_WARN_UNUSED_VARIABLE = YES;
				IPHONEOS_DEPLOYMENT_TARGET = 5.1;
				SDKROOT = iphoneos;
			};
			name = Debug;
		};
		36099955154B9B120006A5F5 /* Release */ = {
			isa = XCBuildConfiguration;
			buildSettings = {
				ALWAYS_SEARCH_USER_PATHS = NO;
				ARCHS = "$(ARCHS_STANDARD_32_BIT)";
				"CODE_SIGN_IDENTITY[sdk=iphoneos*]" = "iPhone Developer";
				COPY_PHASE_STRIP = YES;
				GCC_C_LANGUAGE_STANDARD = gnu99;
				GCC_VERSION = com.apple.compilers.llvm.clang.1_0;
				GCC_WARN_ABOUT_RETURN_TYPE = YES;
				GCC_WARN_UNINITIALIZED_AUTOS = YES;
				GCC_WARN_UNUSED_VARIABLE = YES;
				IPHONEOS_DEPLOYMENT_TARGET = 5.1;
				OTHER_CFLAGS = "-DNS_BLOCK_ASSERTIONS=1";
				SDKROOT = iphoneos;
				VALIDATE_PRODUCT = YES;
			};
			name = Release;
		};
		36099957154B9B120006A5F5 /* Debug */ = {
			isa = XCBuildConfiguration;
			buildSettings = {
				GCC_PRECOMPILE_PREFIX_HEADER = YES;
				GCC_PREFIX_HEADER = "ChessTactics/ChessTactics-Prefix.pch";
				INFOPLIST_FILE = "ChessTactics/ChessTactics-Info.plist";
				IPHONEOS_DEPLOYMENT_TARGET = 4.3;
				PRODUCT_NAME = "$(TARGET_NAME)";
				WRAPPER_EXTENSION = app;
			};
			name = Debug;
		};
		36099958154B9B120006A5F5 /* Release */ = {
			isa = XCBuildConfiguration;
			buildSettings = {
				GCC_PRECOMPILE_PREFIX_HEADER = YES;
				GCC_PREFIX_HEADER = "ChessTactics/ChessTactics-Prefix.pch";
				INFOPLIST_FILE = "ChessTactics/ChessTactics-Info.plist";
				IPHONEOS_DEPLOYMENT_TARGET = 4.3;
				PRODUCT_NAME = "$(TARGET_NAME)";
				WRAPPER_EXTENSION = app;
			};
			name = Release;
		};
/* End XCBuildConfiguration section */

/* Begin XCConfigurationList section */
		36099938154B9B120006A5F5 /* Build configuration list for PBXProject "ChessTactics" */ = {
			isa = XCConfigurationList;
			buildConfigurations = (
				36099954154B9B120006A5F5 /* Debug */,
				36099955154B9B120006A5F5 /* Release */,
			);
			defaultConfigurationIsVisible = 0;
			defaultConfigurationName = Release;
		};
		36099956154B9B120006A5F5 /* Build configuration list for PBXNativeTarget "ChessTactics" */ = {
			isa = XCConfigurationList;
			buildConfigurations = (
				36099957154B9B120006A5F5 /* Debug */,
				36099958154B9B120006A5F5 /* Release */,
			);
			defaultConfigurationIsVisible = 0;
			defaultConfigurationName = Release;
		};
/* End XCConfigurationList section */
	};
	rootObject = 36099935154B9B120006A5F5 /* Project object */;
}
