// !$*UTF8*$!
{
	archiveVersion = 1;
	classes = {
	};
	objectVersion = 46;
	objects = {

/* Begin PBXBuildFile section */
		36099943154B9B120006A5F5 /* UIKit.framework in Frameworks */ = {isa = PBXBuildFile; fileRef = 36099942154B9B120006A5F5 /* UIKit.framework */; };
		36099945154B9B120006A5F5 /* Foundation.framework in Frameworks */ = {isa = PBXBuildFile; fileRef = 36099944154B9B120006A5F5 /* Foundation.framework */; };
		36099947154B9B120006A5F5 /* CoreGraphics.framework in Frameworks */ = {isa = PBXBuildFile; fileRef = 36099946154B9B120006A5F5 /* CoreGraphics.framework */; };
		3609994D154B9B120006A5F5 /* InfoPlist.strings in Resources */ = {isa = PBXBuildFile; fileRef = 3609994B154B9B120006A5F5 /* InfoPlist.strings */; };
		3609994F154B9B120006A5F5 /* main.m in Sources */ = {isa = PBXBuildFile; fileRef = 3609994E154B9B120006A5F5 /* main.m */; };
		36099953154B9B120006A5F5 /* AppDelegate.m in Sources */ = {isa = PBXBuildFile; fileRef = 36099952154B9B120006A5F5 /* AppDelegate.m */; };
		360999FF154C70010006A5F5 /* MainMenuViewController.m in Sources */ = {isa = PBXBuildFile; fileRef = 360999FD154C70010006A5F5 /* MainMenuViewController.m */; };
		36099A00154C70010006A5F5 /* MainMenuViewController.xib in Resources */ = {isa = PBXBuildFile; fileRef = 360999FE154C70010006A5F5 /* MainMenuViewController.xib */; };
		36099A06154C70C90006A5F5 /* CreatePuzzleViewController.m in Sources */ = {isa = PBXBuildFile; fileRef = 36099A04154C70C90006A5F5 /* CreatePuzzleViewController.m */; };
		36099A07154C70C90006A5F5 /* CreatePuzzleViewController.xib in Resources */ = {isa = PBXBuildFile; fileRef = 36099A05154C70C90006A5F5 /* CreatePuzzleViewController.xib */; };
		36099A25154C71720006A5F5 /* ChessModel.m in Sources */ = {isa = PBXBuildFile; fileRef = 36099A10154C71720006A5F5 /* ChessModel.m */; };
		36099A26154C71720006A5F5 /* Coordinate.m in Sources */ = {isa = PBXBuildFile; fileRef = 36099A12154C71720006A5F5 /* Coordinate.m */; };
		36099A27154C71720006A5F5 /* MovementVectors.m in Sources */ = {isa = PBXBuildFile; fileRef = 36099A14154C71720006A5F5 /* MovementVectors.m */; };
		36099A28154C71720006A5F5 /* Bishop.m in Sources */ = {isa = PBXBuildFile; fileRef = 36099A17154C71720006A5F5 /* Bishop.m */; };
		36099A29154C71720006A5F5 /* ChessPiece.m in Sources */ = {isa = PBXBuildFile; fileRef = 36099A19154C71720006A5F5 /* ChessPiece.m */; };
		36099A2A154C71720006A5F5 /* King.m in Sources */ = {isa = PBXBuildFile; fileRef = 36099A1C154C71720006A5F5 /* King.m */; };
		36099A2B154C71720006A5F5 /* Knight.m in Sources */ = {isa = PBXBuildFile; fileRef = 36099A1E154C71720006A5F5 /* Knight.m */; };
		36099A2C154C71720006A5F5 /* Pawn.m in Sources */ = {isa = PBXBuildFile; fileRef = 36099A20154C71720006A5F5 /* Pawn.m */; };
		36099A2D154C71720006A5F5 /* Queen.m in Sources */ = {isa = PBXBuildFile; fileRef = 36099A22154C71720006A5F5 /* Queen.m */; };
		36099A2E154C71720006A5F5 /* Rook.m in Sources */ = {isa = PBXBuildFile; fileRef = 36099A24154C71720006A5F5 /* Rook.m */; };
		36099A32154C76480006A5F5 /* ChessBoardViewController.m in Sources */ = {isa = PBXBuildFile; fileRef = 36099A31154C76480006A5F5 /* ChessBoardViewController.m */; };
		36099A52154C7D4E0006A5F5 /* bb.png in Resources */ = {isa = PBXBuildFile; fileRef = 36099A39154C7D4E0006A5F5 /* bb.png */; };
		36099A53154C7D4E0006A5F5 /* bb@2x.png in Resources */ = {isa = PBXBuildFile; fileRef = 36099A3A154C7D4E0006A5F5 /* bb@2x.png */; };
		36099A54154C7D4E0006A5F5 /* bk.png in Resources */ = {isa = PBXBuildFile; fileRef = 36099A3B154C7D4E0006A5F5 /* bk.png */; };
		36099A55154C7D4E0006A5F5 /* bk@2x.png in Resources */ = {isa = PBXBuildFile; fileRef = 36099A3C154C7D4E0006A5F5 /* bk@2x.png */; };
		36099A56154C7D4E0006A5F5 /* bn.png in Resources */ = {isa = PBXBuildFile; fileRef = 36099A3D154C7D4E0006A5F5 /* bn.png */; };
		36099A57154C7D4E0006A5F5 /* bn@2x.png in Resources */ = {isa = PBXBuildFile; fileRef = 36099A3E154C7D4E0006A5F5 /* bn@2x.png */; };
		36099A58154C7D4E0006A5F5 /* bp.png in Resources */ = {isa = PBXBuildFile; fileRef = 36099A3F154C7D4E0006A5F5 /* bp.png */; };
		36099A59154C7D4E0006A5F5 /* bp@2x.png in Resources */ = {isa = PBXBuildFile; fileRef = 36099A40154C7D4E0006A5F5 /* bp@2x.png */; };
		36099A5A154C7D4E0006A5F5 /* bq.png in Resources */ = {isa = PBXBuildFile; fileRef = 36099A41154C7D4E0006A5F5 /* bq.png */; };
		36099A5B154C7D4E0006A5F5 /* bq@2x.png in Resources */ = {isa = PBXBuildFile; fileRef = 36099A42154C7D4E0006A5F5 /* bq@2x.png */; };
		36099A5C154C7D4E0006A5F5 /* br.png in Resources */ = {isa = PBXBuildFile; fileRef = 36099A43154C7D4E0006A5F5 /* br.png */; };
		36099A5D154C7D4E0006A5F5 /* br@2x.png in Resources */ = {isa = PBXBuildFile; fileRef = 36099A44154C7D4E0006A5F5 /* br@2x.png */; };
		36099A5E154C7D4E0006A5F5 /* wb.png in Resources */ = {isa = PBXBuildFile; fileRef = 36099A45154C7D4E0006A5F5 /* wb.png */; };
		36099A5F154C7D4E0006A5F5 /* wb@2x.png in Resources */ = {isa = PBXBuildFile; fileRef = 36099A46154C7D4E0006A5F5 /* wb@2x.png */; };
		36099A60154C7D4E0006A5F5 /* wk.png in Resources */ = {isa = PBXBuildFile; fileRef = 36099A47154C7D4E0006A5F5 /* wk.png */; };
		36099A61154C7D4E0006A5F5 /* wk@2x.png in Resources */ = {isa = PBXBuildFile; fileRef = 36099A48154C7D4E0006A5F5 /* wk@2x.png */; };
		36099A62154C7D4E0006A5F5 /* wn.png in Resources */ = {isa = PBXBuildFile; fileRef = 36099A49154C7D4E0006A5F5 /* wn.png */; };
		36099A63154C7D4E0006A5F5 /* wn@2x.png in Resources */ = {isa = PBXBuildFile; fileRef = 36099A4A154C7D4E0006A5F5 /* wn@2x.png */; };
		36099A64154C7D4E0006A5F5 /* wp.png in Resources */ = {isa = PBXBuildFile; fileRef = 36099A4B154C7D4E0006A5F5 /* wp.png */; };
		36099A65154C7D4E0006A5F5 /* wp@2x.png in Resources */ = {isa = PBXBuildFile; fileRef = 36099A4C154C7D4E0006A5F5 /* wp@2x.png */; };
		36099A66154C7D4E0006A5F5 /* wq.png in Resources */ = {isa = PBXBuildFile; fileRef = 36099A4D154C7D4E0006A5F5 /* wq.png */; };
		36099A67154C7D4E0006A5F5 /* wq@2x.png in Resources */ = {isa = PBXBuildFile; fileRef = 36099A4E154C7D4E0006A5F5 /* wq@2x.png */; };
		36099A68154C7D4E0006A5F5 /* wr.png in Resources */ = {isa = PBXBuildFile; fileRef = 36099A4F154C7D4E0006A5F5 /* wr.png */; };
		36099A69154C7D4E0006A5F5 /* squareHighlight.png in Resources */ = {isa = PBXBuildFile; fileRef = 36099A50154C7D4E0006A5F5 /* squareHighlight.png */; };
		36099A6A154C7D4E0006A5F5 /* squareHighlight@2x.png in Resources */ = {isa = PBXBuildFile; fileRef = 36099A51154C7D4E0006A5F5 /* squareHighlight@2x.png */; };
		3612F963155714E2000F761B /* PuzzleAPIURLFactory.m in Sources */ = {isa = PBXBuildFile; fileRef = 3612F939155714E2000F761B /* PuzzleAPIURLFactory.m */; };
		3612F964155714E2000F761B /* CreatePuzzleOperation.m in Sources */ = {isa = PBXBuildFile; fileRef = 3612F93C155714E2000F761B /* CreatePuzzleOperation.m */; };
		3612F965155714E2000F761B /* CreateUserOperation.m in Sources */ = {isa = PBXBuildFile; fileRef = 3612F93E155714E2000F761B /* CreateUserOperation.m */; };
		3612F966155714E2000F761B /* DeleteUserOperation.m in Sources */ = {isa = PBXBuildFile; fileRef = 3612F940155714E2000F761B /* DeleteUserOperation.m */; };
		3612F967155714E2000F761B /* GetAuthTokenForUserOperation.m in Sources */ = {isa = PBXBuildFile; fileRef = 3612F942155714E2000F761B /* GetAuthTokenForUserOperation.m */; };
		3612F968155714E2000F761B /* GetPuzzleForUserOperation.m in Sources */ = {isa = PBXBuildFile; fileRef = 3612F944155714E2000F761B /* GetPuzzleForUserOperation.m */; };
		3612F969155714E2000F761B /* GetPuzzleOperation.m in Sources */ = {isa = PBXBuildFile; fileRef = 3612F946155714E2000F761B /* GetPuzzleOperation.m */; };
		3612F96A155714E2000F761B /* GetPuzzlesMadeByUserOperation.m in Sources */ = {isa = PBXBuildFile; fileRef = 3612F948155714E2000F761B /* GetPuzzlesMadeByUserOperation.m */; };
		3612F96B155714E2000F761B /* PuzzleOperation.m in Sources */ = {isa = PBXBuildFile; fileRef = 3612F94A155714E2000F761B /* PuzzleOperation.m */; };
		3612F96C155714E2000F761B /* PuzzleOperationManager.m in Sources */ = {isa = PBXBuildFile; fileRef = 3612F94C155714E2000F761B /* PuzzleOperationManager.m */; };
		3612F96D155714E2000F761B /* TakePuzzleOperation.m in Sources */ = {isa = PBXBuildFile; fileRef = 3612F94E155714E2000F761B /* TakePuzzleOperation.m */; };
		3612F96E155714E2000F761B /* JSONKit.m in Sources */ = {isa = PBXBuildFile; fileRef = 3612F951155714E2000F761B /* JSONKit.m */; };
		3612F96F155714E2000F761B /* UIApplication+Security.m in Sources */ = {isa = PBXBuildFile; fileRef = 3612F953155714E2000F761B /* UIApplication+Security.m */; };
		3612F970155714E2000F761B /* PuzzleCurrentUser.m in Sources */ = {isa = PBXBuildFile; fileRef = 3612F957155714E2000F761B /* PuzzleCurrentUser.m */; };
		3612F971155714E2000F761B /* PuzzleModel.m in Sources */ = {isa = PBXBuildFile; fileRef = 3612F959155714E2000F761B /* PuzzleModel.m */; };
		3612F972155714E2000F761B /* PuzzleUser.m in Sources */ = {isa = PBXBuildFile; fileRef = 3612F95B155714E2000F761B /* PuzzleUser.m */; };
		3612F973155714E2000F761B /* TakePuzzleResults.m in Sources */ = {isa = PBXBuildFile; fileRef = 3612F95D155714E2000F761B /* TakePuzzleResults.m */; };
		3612F974155714E2000F761B /* PuzzleErrorHandler.m in Sources */ = {isa = PBXBuildFile; fileRef = 3612F960155714E2000F761B /* PuzzleErrorHandler.m */; };
		3612F975155714E2000F761B /* PuzzleSDK.m in Sources */ = {isa = PBXBuildFile; fileRef = 3612F962155714E2000F761B /* PuzzleSDK.m */; };
		3612F977155715F7000F761B /* Security.framework in Frameworks */ = {isa = PBXBuildFile; fileRef = 3612F976155715F7000F761B /* Security.framework */; };
		3612F9901559D024000F761B /* AnalysisBoardViewController.m in Sources */ = {isa = PBXBuildFile; fileRef = 3612F98E1559D023000F761B /* AnalysisBoardViewController.m */; };
		3612F9911559D024000F761B /* AnalysisBoardViewController.xib in Resources */ = {isa = PBXBuildFile; fileRef = 3612F98F1559D023000F761B /* AnalysisBoardViewController.xib */; };
		361354B6154D1EB6004A056F /* ChessMove.m in Sources */ = {isa = PBXBuildFile; fileRef = 361354B5154D1EB6004A056F /* ChessMove.m */; };
		361354B9154D1EE6004A056F /* ChessBoardView.m in Sources */ = {isa = PBXBuildFile; fileRef = 361354B8154D1EE6004A056F /* ChessBoardView.m */; };
		361354BD154D3005004A056F /* CreatePuzzleSetupViewController.m in Sources */ = {isa = PBXBuildFile; fileRef = 361354BB154D3005004A056F /* CreatePuzzleSetupViewController.m */; };
		361354BE154D3005004A056F /* CreatePuzzleSetupViewController.xib in Resources */ = {isa = PBXBuildFile; fileRef = 361354BC154D3005004A056F /* CreatePuzzleSetupViewController.xib */; };
		3613550B154FA6B9004A056F /* PlayPuzzleViewController.m in Sources */ = {isa = PBXBuildFile; fileRef = 36135509154FA6B9004A056F /* PlayPuzzleViewController.m */; };
		3613550C154FA6B9004A056F /* PlayPuzzleViewController.xib in Resources */ = {isa = PBXBuildFile; fileRef = 3613550A154FA6B9004A056F /* PlayPuzzleViewController.xib */; };
		3613550F154FB5DA004A056F /* editingSquareHighlight.png in Resources */ = {isa = PBXBuildFile; fileRef = 3613550D154FB5DA004A056F /* editingSquareHighlight.png */; };
		36135510154FB5DA004A056F /* editingSquareHighlight@2x.png in Resources */ = {isa = PBXBuildFile; fileRef = 3613550E154FB5DA004A056F /* editingSquareHighlight@2x.png */; };
		364B97541569CB2B00B859D7 /* CoreText.framework in Frameworks */ = {isa = PBXBuildFile; fileRef = 364B97531569CB2B00B859D7 /* CoreText.framework */; };
		364B97811569D2A900B859D7 /* CommentsTableViewController.m in Sources */ = {isa = PBXBuildFile; fileRef = 364B97801569D2A900B859D7 /* CommentsTableViewController.m */; };
		364B97841569D2B100B859D7 /* green.png in Resources */ = {isa = PBXBuildFile; fileRef = 364B97821569D2B100B859D7 /* green.png */; };
		364B97851569D2B100B859D7 /* grey.png in Resources */ = {isa = PBXBuildFile; fileRef = 364B97831569D2B100B859D7 /* grey.png */; };
		364B97871569D2C300B859D7 /* CommentsTableViewController.xib in Resources */ = {isa = PBXBuildFile; fileRef = 364B97861569D2C300B859D7 /* CommentsTableViewController.xib */; };
		364B978A1569D45100B859D7 /* PuzzleComment.m in Sources */ = {isa = PBXBuildFile; fileRef = 364B97891569D45100B859D7 /* PuzzleComment.m */; };
		364B979C1569F1FA00B859D7 /* LoginViewController.m in Sources */ = {isa = PBXBuildFile; fileRef = 364B97971569F1FA00B859D7 /* LoginViewController.m */; };
		364B979D1569F1FA00B859D7 /* LoginViewController.xib in Resources */ = {isa = PBXBuildFile; fileRef = 364B97981569F1FA00B859D7 /* LoginViewController.xib */; };
		364B979E1569F1FA00B859D7 /* RegisterViewController.m in Sources */ = {isa = PBXBuildFile; fileRef = 364B979A1569F1FA00B859D7 /* RegisterViewController.m */; };
		364B979F1569F1FA00B859D7 /* RegisterViewController.xib in Resources */ = {isa = PBXBuildFile; fileRef = 364B979B1569F1FA00B859D7 /* RegisterViewController.xib */; };
		365E580E1560992A00A9C752 /* TestPuzzleViewController.m in Sources */ = {isa = PBXBuildFile; fileRef = 365E580C1560992900A9C752 /* TestPuzzleViewController.m */; };
		365E580F1560992A00A9C752 /* TestPuzzleViewController.xib in Resources */ = {isa = PBXBuildFile; fileRef = 365E580D1560992900A9C752 /* TestPuzzleViewController.xib */; };
		365E58401561828100A9C752 /* EGORefreshTableHeaderView.m in Sources */ = {isa = PBXBuildFile; fileRef = 365E58361561828100A9C752 /* EGORefreshTableHeaderView.m */; };
		365E58411561828100A9C752 /* blackArrow.png in Resources */ = {isa = PBXBuildFile; fileRef = 365E58381561828100A9C752 /* blackArrow.png */; };
		365E58421561828100A9C752 /* blackArrow@2x.png in Resources */ = {isa = PBXBuildFile; fileRef = 365E58391561828100A9C752 /* blackArrow@2x.png */; };
		365E58431561828100A9C752 /* blueArrow.png in Resources */ = {isa = PBXBuildFile; fileRef = 365E583A1561828100A9C752 /* blueArrow.png */; };
		365E58441561828100A9C752 /* blueArrow@2x.png in Resources */ = {isa = PBXBuildFile; fileRef = 365E583B1561828100A9C752 /* blueArrow@2x.png */; };
		365E58451561828100A9C752 /* grayArrow.png in Resources */ = {isa = PBXBuildFile; fileRef = 365E583C1561828100A9C752 /* grayArrow.png */; };
		365E58461561828100A9C752 /* grayArrow@2x.png in Resources */ = {isa = PBXBuildFile; fileRef = 365E583D1561828100A9C752 /* grayArrow@2x.png */; };
		365E58471561828100A9C752 /* whiteArrow.png in Resources */ = {isa = PBXBuildFile; fileRef = 365E583E1561828100A9C752 /* whiteArrow.png */; };
		365E58481561828100A9C752 /* whiteArrow@2x.png in Resources */ = {isa = PBXBuildFile; fileRef = 365E583F1561828100A9C752 /* whiteArrow@2x.png */; };
		365E585015621B9400A9C752 /* UserPuzzlesViewController.m in Sources */ = {isa = PBXBuildFile; fileRef = 365E584F15621B9400A9C752 /* UserPuzzlesViewController.m */; };
		365E585315621BDB00A9C752 /* UserPuzzleCell.m in Sources */ = {isa = PBXBuildFile; fileRef = 365E585215621BDB00A9C752 /* UserPuzzleCell.m */; };
		365E585715621C3100A9C752 /* UserPuzzleCell.xib in Resources */ = {isa = PBXBuildFile; fileRef = 365E585615621C3100A9C752 /* UserPuzzleCell.xib */; };
		365E585915621D5200A9C752 /* QuartzCore.framework in Frameworks */ = {isa = PBXBuildFile; fileRef = 365E585815621D5200A9C752 /* QuartzCore.framework */; };
		36649DAA1566C997001B00F0 /* PlayOwnPuzzleViewControllerViewController.m in Sources */ = {isa = PBXBuildFile; fileRef = 36649DA91566C997001B00F0 /* PlayOwnPuzzleViewControllerViewController.m */; };
		36649DAF1566CAC2001B00F0 /* EnterExplanationViewController.m in Sources */ = {isa = PBXBuildFile; fileRef = 36649DAD1566CAC1001B00F0 /* EnterExplanationViewController.m */; };
		36649DB01566CAC2001B00F0 /* EnterExplanationViewController.xib in Resources */ = {isa = PBXBuildFile; fileRef = 36649DAE1566CAC1001B00F0 /* EnterExplanationViewController.xib */; };
		3688269E1555E38700801441 /* PuzzleDownloader.m in Sources */ = {isa = PBXBuildFile; fileRef = 3688269D1555E38700801441 /* PuzzleDownloader.m */; };
/* End PBXBuildFile section */

/* Begin PBXFileReference section */
		3609993E154B9B120006A5F5 /* ChessTactics.app */ = {isa = PBXFileReference; explicitFileType = wrapper.application; includeInIndex = 0; path = ChessTactics.app; sourceTree = BUILT_PRODUCTS_DIR; };
		36099942154B9B120006A5F5 /* UIKit.framework */ = {isa = PBXFileReference; lastKnownFileType = wrapper.framework; name = UIKit.framework; path = System/Library/Frameworks/UIKit.framework; sourceTree = SDKROOT; };
		36099944154B9B120006A5F5 /* Foundation.framework */ = {isa = PBXFileReference; lastKnownFileType = wrapper.framework; name = Foundation.framework; path = System/Library/Frameworks/Foundation.framework; sourceTree = SDKROOT; };
		36099946154B9B120006A5F5 /* CoreGraphics.framework */ = {isa = PBXFileReference; lastKnownFileType = wrapper.framework; name = CoreGraphics.framework; path = System/Library/Frameworks/CoreGraphics.framework; sourceTree = SDKROOT; };
		3609994A154B9B120006A5F5 /* ChessTactics-Info.plist */ = {isa = PBXFileReference; lastKnownFileType = text.plist.xml; path = "ChessTactics-Info.plist"; sourceTree = "<group>"; };
		3609994C154B9B120006A5F5 /* en */ = {isa = PBXFileReference; lastKnownFileType = text.plist.strings; name = en; path = en.lproj/InfoPlist.strings; sourceTree = "<group>"; };
		3609994E154B9B120006A5F5 /* main.m */ = {isa = PBXFileReference; lastKnownFileType = sourcecode.c.objc; path = main.m; sourceTree = "<group>"; };
		36099950154B9B120006A5F5 /* ChessTactics-Prefix.pch */ = {isa = PBXFileReference; lastKnownFileType = sourcecode.c.h; path = "ChessTactics-Prefix.pch"; sourceTree = "<group>"; };
		36099951154B9B120006A5F5 /* AppDelegate.h */ = {isa = PBXFileReference; lastKnownFileType = sourcecode.c.h; path = AppDelegate.h; sourceTree = "<group>"; };
		36099952154B9B120006A5F5 /* AppDelegate.m */ = {isa = PBXFileReference; lastKnownFileType = sourcecode.c.objc; path = AppDelegate.m; sourceTree = "<group>"; };
		360999FC154C70010006A5F5 /* MainMenuViewController.h */ = {isa = PBXFileReference; fileEncoding = 4; lastKnownFileType = sourcecode.c.h; name = MainMenuViewController.h; path = "Classes/View Controllers/Main View Controller/MainMenuViewController.h"; sourceTree = "<group>"; };
		360999FD154C70010006A5F5 /* MainMenuViewController.m */ = {isa = PBXFileReference; fileEncoding = 4; lastKnownFileType = sourcecode.c.objc; name = MainMenuViewController.m; path = "Classes/View Controllers/Main View Controller/MainMenuViewController.m"; sourceTree = "<group>"; };
		360999FE154C70010006A5F5 /* MainMenuViewController.xib */ = {isa = PBXFileReference; fileEncoding = 4; lastKnownFileType = file.xib; name = MainMenuViewController.xib; path = "Classes/View Controllers/Main View Controller/MainMenuViewController.xib"; sourceTree = "<group>"; };
		36099A03154C70C90006A5F5 /* CreatePuzzleViewController.h */ = {isa = PBXFileReference; fileEncoding = 4; lastKnownFileType = sourcecode.c.h; name = CreatePuzzleViewController.h; path = "Classes/View Controllers/Create Puzzle/CreatePuzzleViewController.h"; sourceTree = "<group>"; };
		36099A04154C70C90006A5F5 /* CreatePuzzleViewController.m */ = {isa = PBXFileReference; fileEncoding = 4; lastKnownFileType = sourcecode.c.objc; name = CreatePuzzleViewController.m; path = "Classes/View Controllers/Create Puzzle/CreatePuzzleViewController.m"; sourceTree = "<group>"; };
		36099A05154C70C90006A5F5 /* CreatePuzzleViewController.xib */ = {isa = PBXFileReference; fileEncoding = 4; lastKnownFileType = file.xib; name = CreatePuzzleViewController.xib; path = "Classes/View Controllers/Create Puzzle/CreatePuzzleViewController.xib"; sourceTree = "<group>"; };
		36099A0F154C71720006A5F5 /* ChessModel.h */ = {isa = PBXFileReference; fileEncoding = 4; lastKnownFileType = sourcecode.c.h; path = ChessModel.h; sourceTree = "<group>"; };
		36099A10154C71720006A5F5 /* ChessModel.m */ = {isa = PBXFileReference; fileEncoding = 4; lastKnownFileType = sourcecode.c.objc; path = ChessModel.m; sourceTree = "<group>"; };
		36099A11154C71720006A5F5 /* Coordinate.h */ = {isa = PBXFileReference; fileEncoding = 4; lastKnownFileType = sourcecode.c.h; path = Coordinate.h; sourceTree = "<group>"; };
		36099A12154C71720006A5F5 /* Coordinate.m */ = {isa = PBXFileReference; fileEncoding = 4; lastKnownFileType = sourcecode.c.objc; path = Coordinate.m; sourceTree = "<group>"; };
		36099A13154C71720006A5F5 /* MovementVectors.h */ = {isa = PBXFileReference; fileEncoding = 4; lastKnownFileType = sourcecode.c.h; path = MovementVectors.h; sourceTree = "<group>"; };
		36099A14154C71720006A5F5 /* MovementVectors.m */ = {isa = PBXFileReference; fileEncoding = 4; lastKnownFileType = sourcecode.c.objc; path = MovementVectors.m; sourceTree = "<group>"; };
		36099A16154C71720006A5F5 /* Bishop.h */ = {isa = PBXFileReference; fileEncoding = 4; lastKnownFileType = sourcecode.c.h; path = Bishop.h; sourceTree = "<group>"; };
		36099A17154C71720006A5F5 /* Bishop.m */ = {isa = PBXFileReference; fileEncoding = 4; lastKnownFileType = sourcecode.c.objc; path = Bishop.m; sourceTree = "<group>"; };
		36099A18154C71720006A5F5 /* ChessPiece.h */ = {isa = PBXFileReference; fileEncoding = 4; lastKnownFileType = sourcecode.c.h; path = ChessPiece.h; sourceTree = "<group>"; };
		36099A19154C71720006A5F5 /* ChessPiece.m */ = {isa = PBXFileReference; fileEncoding = 4; lastKnownFileType = sourcecode.c.objc; path = ChessPiece.m; sourceTree = "<group>"; };
		36099A1A154C71720006A5F5 /* ChessPieces.h */ = {isa = PBXFileReference; fileEncoding = 4; lastKnownFileType = sourcecode.c.h; path = ChessPieces.h; sourceTree = "<group>"; };
		36099A1B154C71720006A5F5 /* King.h */ = {isa = PBXFileReference; fileEncoding = 4; lastKnownFileType = sourcecode.c.h; path = King.h; sourceTree = "<group>"; };
		36099A1C154C71720006A5F5 /* King.m */ = {isa = PBXFileReference; fileEncoding = 4; lastKnownFileType = sourcecode.c.objc; path = King.m; sourceTree = "<group>"; };
		36099A1D154C71720006A5F5 /* Knight.h */ = {isa = PBXFileReference; fileEncoding = 4; lastKnownFileType = sourcecode.c.h; path = Knight.h; sourceTree = "<group>"; };
		36099A1E154C71720006A5F5 /* Knight.m */ = {isa = PBXFileReference; fileEncoding = 4; lastKnownFileType = sourcecode.c.objc; path = Knight.m; sourceTree = "<group>"; };
		36099A1F154C71720006A5F5 /* Pawn.h */ = {isa = PBXFileReference; fileEncoding = 4; lastKnownFileType = sourcecode.c.h; path = Pawn.h; sourceTree = "<group>"; };
		36099A20154C71720006A5F5 /* Pawn.m */ = {isa = PBXFileReference; fileEncoding = 4; lastKnownFileType = sourcecode.c.objc; path = Pawn.m; sourceTree = "<group>"; };
		36099A21154C71720006A5F5 /* Queen.h */ = {isa = PBXFileReference; fileEncoding = 4; lastKnownFileType = sourcecode.c.h; path = Queen.h; sourceTree = "<group>"; };
		36099A22154C71720006A5F5 /* Queen.m */ = {isa = PBXFileReference; fileEncoding = 4; lastKnownFileType = sourcecode.c.objc; path = Queen.m; sourceTree = "<group>"; };
		36099A23154C71720006A5F5 /* Rook.h */ = {isa = PBXFileReference; fileEncoding = 4; lastKnownFileType = sourcecode.c.h; path = Rook.h; sourceTree = "<group>"; };
		36099A24154C71720006A5F5 /* Rook.m */ = {isa = PBXFileReference; fileEncoding = 4; lastKnownFileType = sourcecode.c.objc; path = Rook.m; sourceTree = "<group>"; };
		36099A30154C76480006A5F5 /* ChessBoardViewController.h */ = {isa = PBXFileReference; fileEncoding = 4; lastKnownFileType = sourcecode.c.h; name = ChessBoardViewController.h; path = "Classes/View Controllers/Chess Board/ChessBoardViewController.h"; sourceTree = "<group>"; };
		36099A31154C76480006A5F5 /* ChessBoardViewController.m */ = {isa = PBXFileReference; fileEncoding = 4; lastKnownFileType = sourcecode.c.objc; name = ChessBoardViewController.m; path = "Classes/View Controllers/Chess Board/ChessBoardViewController.m"; sourceTree = "<group>"; };
		36099A39154C7D4E0006A5F5 /* bb.png */ = {isa = PBXFileReference; lastKnownFileType = image.png; path = bb.png; sourceTree = "<group>"; };
		36099A3A154C7D4E0006A5F5 /* bb@2x.png */ = {isa = PBXFileReference; lastKnownFileType = image.png; path = "bb@2x.png"; sourceTree = "<group>"; };
		36099A3B154C7D4E0006A5F5 /* bk.png */ = {isa = PBXFileReference; lastKnownFileType = image.png; path = bk.png; sourceTree = "<group>"; };
		36099A3C154C7D4E0006A5F5 /* bk@2x.png */ = {isa = PBXFileReference; lastKnownFileType = image.png; path = "bk@2x.png"; sourceTree = "<group>"; };
		36099A3D154C7D4E0006A5F5 /* bn.png */ = {isa = PBXFileReference; lastKnownFileType = image.png; path = bn.png; sourceTree = "<group>"; };
		36099A3E154C7D4E0006A5F5 /* bn@2x.png */ = {isa = PBXFileReference; lastKnownFileType = image.png; path = "bn@2x.png"; sourceTree = "<group>"; };
		36099A3F154C7D4E0006A5F5 /* bp.png */ = {isa = PBXFileReference; lastKnownFileType = image.png; path = bp.png; sourceTree = "<group>"; };
		36099A40154C7D4E0006A5F5 /* bp@2x.png */ = {isa = PBXFileReference; lastKnownFileType = image.png; path = "bp@2x.png"; sourceTree = "<group>"; };
		36099A41154C7D4E0006A5F5 /* bq.png */ = {isa = PBXFileReference; lastKnownFileType = image.png; path = bq.png; sourceTree = "<group>"; };
		36099A42154C7D4E0006A5F5 /* bq@2x.png */ = {isa = PBXFileReference; lastKnownFileType = image.png; path = "bq@2x.png"; sourceTree = "<group>"; };
		36099A43154C7D4E0006A5F5 /* br.png */ = {isa = PBXFileReference; lastKnownFileType = image.png; path = br.png; sourceTree = "<group>"; };
		36099A44154C7D4E0006A5F5 /* br@2x.png */ = {isa = PBXFileReference; lastKnownFileType = image.png; path = "br@2x.png"; sourceTree = "<group>"; };
		36099A45154C7D4E0006A5F5 /* wb.png */ = {isa = PBXFileReference; lastKnownFileType = image.png; path = wb.png; sourceTree = "<group>"; };
		36099A46154C7D4E0006A5F5 /* wb@2x.png */ = {isa = PBXFileReference; lastKnownFileType = image.png; path = "wb@2x.png"; sourceTree = "<group>"; };
		36099A47154C7D4E0006A5F5 /* wk.png */ = {isa = PBXFileReference; lastKnownFileType = image.png; path = wk.png; sourceTree = "<group>"; };
		36099A48154C7D4E0006A5F5 /* wk@2x.png */ = {isa = PBXFileReference; lastKnownFileType = image.png; path = "wk@2x.png"; sourceTree = "<group>"; };
		36099A49154C7D4E0006A5F5 /* wn.png */ = {isa = PBXFileReference; lastKnownFileType = image.png; path = wn.png; sourceTree = "<group>"; };
		36099A4A154C7D4E0006A5F5 /* wn@2x.png */ = {isa = PBXFileReference; lastKnownFileType = image.png; path = "wn@2x.png"; sourceTree = "<group>"; };
		36099A4B154C7D4E0006A5F5 /* wp.png */ = {isa = PBXFileReference; lastKnownFileType = image.png; path = wp.png; sourceTree = "<group>"; };
		36099A4C154C7D4E0006A5F5 /* wp@2x.png */ = {isa = PBXFileReference; lastKnownFileType = image.png; path = "wp@2x.png"; sourceTree = "<group>"; };
		36099A4D154C7D4E0006A5F5 /* wq.png */ = {isa = PBXFileReference; lastKnownFileType = image.png; path = wq.png; sourceTree = "<group>"; };
		36099A4E154C7D4E0006A5F5 /* wq@2x.png */ = {isa = PBXFileReference; lastKnownFileType = image.png; path = "wq@2x.png"; sourceTree = "<group>"; };
		36099A4F154C7D4E0006A5F5 /* wr.png */ = {isa = PBXFileReference; lastKnownFileType = image.png; path = wr.png; sourceTree = "<group>"; };
		36099A50154C7D4E0006A5F5 /* squareHighlight.png */ = {isa = PBXFileReference; lastKnownFileType = image.png; path = squareHighlight.png; sourceTree = "<group>"; };
		36099A51154C7D4E0006A5F5 /* squareHighlight@2x.png */ = {isa = PBXFileReference; lastKnownFileType = image.png; path = "squareHighlight@2x.png"; sourceTree = "<group>"; };
		3612F938155714E2000F761B /* PuzzleAPIURLFactory.h */ = {isa = PBXFileReference; fileEncoding = 4; lastKnownFileType = sourcecode.c.h; path = PuzzleAPIURLFactory.h; sourceTree = "<group>"; };
		3612F939155714E2000F761B /* PuzzleAPIURLFactory.m */ = {isa = PBXFileReference; fileEncoding = 4; lastKnownFileType = sourcecode.c.objc; path = PuzzleAPIURLFactory.m; sourceTree = "<group>"; };
		3612F93B155714E2000F761B /* CreatePuzzleOperation.h */ = {isa = PBXFileReference; fileEncoding = 4; lastKnownFileType = sourcecode.c.h; path = CreatePuzzleOperation.h; sourceTree = "<group>"; };
		3612F93C155714E2000F761B /* CreatePuzzleOperation.m */ = {isa = PBXFileReference; fileEncoding = 4; lastKnownFileType = sourcecode.c.objc; path = CreatePuzzleOperation.m; sourceTree = "<group>"; };
		3612F93D155714E2000F761B /* CreateUserOperation.h */ = {isa = PBXFileReference; fileEncoding = 4; lastKnownFileType = sourcecode.c.h; path = CreateUserOperation.h; sourceTree = "<group>"; };
		3612F93E155714E2000F761B /* CreateUserOperation.m */ = {isa = PBXFileReference; fileEncoding = 4; lastKnownFileType = sourcecode.c.objc; path = CreateUserOperation.m; sourceTree = "<group>"; };
		3612F93F155714E2000F761B /* DeleteUserOperation.h */ = {isa = PBXFileReference; fileEncoding = 4; lastKnownFileType = sourcecode.c.h; path = DeleteUserOperation.h; sourceTree = "<group>"; };
		3612F940155714E2000F761B /* DeleteUserOperation.m */ = {isa = PBXFileReference; fileEncoding = 4; lastKnownFileType = sourcecode.c.objc; path = DeleteUserOperation.m; sourceTree = "<group>"; };
		3612F941155714E2000F761B /* GetAuthTokenForUserOperation.h */ = {isa = PBXFileReference; fileEncoding = 4; lastKnownFileType = sourcecode.c.h; path = GetAuthTokenForUserOperation.h; sourceTree = "<group>"; };
		3612F942155714E2000F761B /* GetAuthTokenForUserOperation.m */ = {isa = PBXFileReference; fileEncoding = 4; lastKnownFileType = sourcecode.c.objc; path = GetAuthTokenForUserOperation.m; sourceTree = "<group>"; };
		3612F943155714E2000F761B /* GetPuzzleForUserOperation.h */ = {isa = PBXFileReference; fileEncoding = 4; lastKnownFileType = sourcecode.c.h; path = GetPuzzleForUserOperation.h; sourceTree = "<group>"; };
		3612F944155714E2000F761B /* GetPuzzleForUserOperation.m */ = {isa = PBXFileReference; fileEncoding = 4; lastKnownFileType = sourcecode.c.objc; path = GetPuzzleForUserOperation.m; sourceTree = "<group>"; };
		3612F945155714E2000F761B /* GetPuzzleOperation.h */ = {isa = PBXFileReference; fileEncoding = 4; lastKnownFileType = sourcecode.c.h; path = GetPuzzleOperation.h; sourceTree = "<group>"; };
		3612F946155714E2000F761B /* GetPuzzleOperation.m */ = {isa = PBXFileReference; fileEncoding = 4; lastKnownFileType = sourcecode.c.objc; path = GetPuzzleOperation.m; sourceTree = "<group>"; };
		3612F947155714E2000F761B /* GetPuzzlesMadeByUserOperation.h */ = {isa = PBXFileReference; fileEncoding = 4; lastKnownFileType = sourcecode.c.h; path = GetPuzzlesMadeByUserOperation.h; sourceTree = "<group>"; };
		3612F948155714E2000F761B /* GetPuzzlesMadeByUserOperation.m */ = {isa = PBXFileReference; fileEncoding = 4; lastKnownFileType = sourcecode.c.objc; path = GetPuzzlesMadeByUserOperation.m; sourceTree = "<group>"; };
		3612F949155714E2000F761B /* PuzzleOperation.h */ = {isa = PBXFileReference; fileEncoding = 4; lastKnownFileType = sourcecode.c.h; path = PuzzleOperation.h; sourceTree = "<group>"; };
		3612F94A155714E2000F761B /* PuzzleOperation.m */ = {isa = PBXFileReference; fileEncoding = 4; lastKnownFileType = sourcecode.c.objc; path = PuzzleOperation.m; sourceTree = "<group>"; };
		3612F94B155714E2000F761B /* PuzzleOperationManager.h */ = {isa = PBXFileReference; fileEncoding = 4; lastKnownFileType = sourcecode.c.h; path = PuzzleOperationManager.h; sourceTree = "<group>"; };
		3612F94C155714E2000F761B /* PuzzleOperationManager.m */ = {isa = PBXFileReference; fileEncoding = 4; lastKnownFileType = sourcecode.c.objc; path = PuzzleOperationManager.m; sourceTree = "<group>"; };
		3612F94D155714E2000F761B /* TakePuzzleOperation.h */ = {isa = PBXFileReference; fileEncoding = 4; lastKnownFileType = sourcecode.c.h; path = TakePuzzleOperation.h; sourceTree = "<group>"; };
		3612F94E155714E2000F761B /* TakePuzzleOperation.m */ = {isa = PBXFileReference; fileEncoding = 4; lastKnownFileType = sourcecode.c.objc; path = TakePuzzleOperation.m; sourceTree = "<group>"; };
		3612F950155714E2000F761B /* JSONKit.h */ = {isa = PBXFileReference; fileEncoding = 4; lastKnownFileType = sourcecode.c.h; path = JSONKit.h; sourceTree = "<group>"; };
		3612F951155714E2000F761B /* JSONKit.m */ = {isa = PBXFileReference; fileEncoding = 4; lastKnownFileType = sourcecode.c.objc; path = JSONKit.m; sourceTree = "<group>"; };
		3612F952155714E2000F761B /* UIApplication+Security.h */ = {isa = PBXFileReference; fileEncoding = 4; lastKnownFileType = sourcecode.c.h; path = "UIApplication+Security.h"; sourceTree = "<group>"; };
		3612F953155714E2000F761B /* UIApplication+Security.m */ = {isa = PBXFileReference; fileEncoding = 4; lastKnownFileType = sourcecode.c.objc; path = "UIApplication+Security.m"; sourceTree = "<group>"; };
		3612F956155714E2000F761B /* PuzzleCurrentUser.h */ = {isa = PBXFileReference; fileEncoding = 4; lastKnownFileType = sourcecode.c.h; path = PuzzleCurrentUser.h; sourceTree = "<group>"; };
		3612F957155714E2000F761B /* PuzzleCurrentUser.m */ = {isa = PBXFileReference; fileEncoding = 4; lastKnownFileType = sourcecode.c.objc; path = PuzzleCurrentUser.m; sourceTree = "<group>"; };
		3612F958155714E2000F761B /* PuzzleModel.h */ = {isa = PBXFileReference; fileEncoding = 4; lastKnownFileType = sourcecode.c.h; path = PuzzleModel.h; sourceTree = "<group>"; };
		3612F959155714E2000F761B /* PuzzleModel.m */ = {isa = PBXFileReference; fileEncoding = 4; lastKnownFileType = sourcecode.c.objc; path = PuzzleModel.m; sourceTree = "<group>"; };
		3612F95A155714E2000F761B /* PuzzleUser.h */ = {isa = PBXFileReference; fileEncoding = 4; lastKnownFileType = sourcecode.c.h; path = PuzzleUser.h; sourceTree = "<group>"; };
		3612F95B155714E2000F761B /* PuzzleUser.m */ = {isa = PBXFileReference; fileEncoding = 4; lastKnownFileType = sourcecode.c.objc; path = PuzzleUser.m; sourceTree = "<group>"; };
		3612F95C155714E2000F761B /* TakePuzzleResults.h */ = {isa = PBXFileReference; fileEncoding = 4; lastKnownFileType = sourcecode.c.h; path = TakePuzzleResults.h; sourceTree = "<group>"; };
		3612F95D155714E2000F761B /* TakePuzzleResults.m */ = {isa = PBXFileReference; fileEncoding = 4; lastKnownFileType = sourcecode.c.objc; path = TakePuzzleResults.m; sourceTree = "<group>"; };
		3612F95E155714E2000F761B /* PuzzleAPIKey.h */ = {isa = PBXFileReference; fileEncoding = 4; lastKnownFileType = sourcecode.c.h; path = PuzzleAPIKey.h; sourceTree = "<group>"; };
		3612F95F155714E2000F761B /* PuzzleErrorHandler.h */ = {isa = PBXFileReference; fileEncoding = 4; lastKnownFileType = sourcecode.c.h; path = PuzzleErrorHandler.h; sourceTree = "<group>"; };
		3612F960155714E2000F761B /* PuzzleErrorHandler.m */ = {isa = PBXFileReference; fileEncoding = 4; lastKnownFileType = sourcecode.c.objc; path = PuzzleErrorHandler.m; sourceTree = "<group>"; };
		3612F961155714E2000F761B /* PuzzleSDK.h */ = {isa = PBXFileReference; fileEncoding = 4; lastKnownFileType = sourcecode.c.h; path = PuzzleSDK.h; sourceTree = "<group>"; };
		3612F962155714E2000F761B /* PuzzleSDK.m */ = {isa = PBXFileReference; fileEncoding = 4; lastKnownFileType = sourcecode.c.objc; path = PuzzleSDK.m; sourceTree = "<group>"; };
		3612F976155715F7000F761B /* Security.framework */ = {isa = PBXFileReference; lastKnownFileType = wrapper.framework; name = Security.framework; path = System/Library/Frameworks/Security.framework; sourceTree = SDKROOT; };
		3612F98D1559D022000F761B /* AnalysisBoardViewController.h */ = {isa = PBXFileReference; fileEncoding = 4; lastKnownFileType = sourcecode.c.h; name = AnalysisBoardViewController.h; path = "Classes/View Controllers/Play Puzzle/AnalysisBoardViewController.h"; sourceTree = "<group>"; };
		3612F98E1559D023000F761B /* AnalysisBoardViewController.m */ = {isa = PBXFileReference; fileEncoding = 4; lastKnownFileType = sourcecode.c.objc; name = AnalysisBoardViewController.m; path = "Classes/View Controllers/Play Puzzle/AnalysisBoardViewController.m"; sourceTree = "<group>"; };
		3612F98F1559D023000F761B /* AnalysisBoardViewController.xib */ = {isa = PBXFileReference; fileEncoding = 4; lastKnownFileType = file.xib; name = AnalysisBoardViewController.xib; path = "Classes/View Controllers/Play Puzzle/AnalysisBoardViewController.xib"; sourceTree = "<group>"; };
		361354B4154D1EB6004A056F /* ChessMove.h */ = {isa = PBXFileReference; fileEncoding = 4; lastKnownFileType = sourcecode.c.h; path = ChessMove.h; sourceTree = "<group>"; };
		361354B5154D1EB6004A056F /* ChessMove.m */ = {isa = PBXFileReference; fileEncoding = 4; lastKnownFileType = sourcecode.c.objc; path = ChessMove.m; sourceTree = "<group>"; };
		361354B7154D1EE6004A056F /* ChessBoardView.h */ = {isa = PBXFileReference; fileEncoding = 4; lastKnownFileType = sourcecode.c.h; name = ChessBoardView.h; path = "Classes/View Controllers/Chess Board/ChessBoardView.h"; sourceTree = "<group>"; };
		361354B8154D1EE6004A056F /* ChessBoardView.m */ = {isa = PBXFileReference; fileEncoding = 4; lastKnownFileType = sourcecode.c.objc; name = ChessBoardView.m; path = "Classes/View Controllers/Chess Board/ChessBoardView.m"; sourceTree = "<group>"; };
		361354BA154D3005004A056F /* CreatePuzzleSetupViewController.h */ = {isa = PBXFileReference; fileEncoding = 4; lastKnownFileType = sourcecode.c.h; name = CreatePuzzleSetupViewController.h; path = "Classes/View Controllers/Create Puzzle/CreatePuzzleSetupViewController.h"; sourceTree = "<group>"; };
		361354BB154D3005004A056F /* CreatePuzzleSetupViewController.m */ = {isa = PBXFileReference; fileEncoding = 4; lastKnownFileType = sourcecode.c.objc; name = CreatePuzzleSetupViewController.m; path = "Classes/View Controllers/Create Puzzle/CreatePuzzleSetupViewController.m"; sourceTree = "<group>"; };
		361354BC154D3005004A056F /* CreatePuzzleSetupViewController.xib */ = {isa = PBXFileReference; fileEncoding = 4; lastKnownFileType = file.xib; name = CreatePuzzleSetupViewController.xib; path = "Classes/View Controllers/Create Puzzle/CreatePuzzleSetupViewController.xib"; sourceTree = "<group>"; };
		36135508154FA6B9004A056F /* PlayPuzzleViewController.h */ = {isa = PBXFileReference; fileEncoding = 4; lastKnownFileType = sourcecode.c.h; name = PlayPuzzleViewController.h; path = "Classes/View Controllers/Play Puzzle/PlayPuzzleViewController.h"; sourceTree = "<group>"; };
		36135509154FA6B9004A056F /* PlayPuzzleViewController.m */ = {isa = PBXFileReference; fileEncoding = 4; lastKnownFileType = sourcecode.c.objc; name = PlayPuzzleViewController.m; path = "Classes/View Controllers/Play Puzzle/PlayPuzzleViewController.m"; sourceTree = "<group>"; };
		3613550A154FA6B9004A056F /* PlayPuzzleViewController.xib */ = {isa = PBXFileReference; fileEncoding = 4; lastKnownFileType = file.xib; name = PlayPuzzleViewController.xib; path = "Classes/View Controllers/Play Puzzle/PlayPuzzleViewController.xib"; sourceTree = "<group>"; };
		3613550D154FB5DA004A056F /* editingSquareHighlight.png */ = {isa = PBXFileReference; lastKnownFileType = image.png; path = editingSquareHighlight.png; sourceTree = "<group>"; };
		3613550E154FB5DA004A056F /* editingSquareHighlight@2x.png */ = {isa = PBXFileReference; lastKnownFileType = image.png; path = "editingSquareHighlight@2x.png"; sourceTree = "<group>"; };
		364B97531569CB2B00B859D7 /* CoreText.framework */ = {isa = PBXFileReference; lastKnownFileType = wrapper.framework; name = CoreText.framework; path = System/Library/Frameworks/CoreText.framework; sourceTree = SDKROOT; };
		364B977F1569D2A900B859D7 /* CommentsTableViewController.h */ = {isa = PBXFileReference; fileEncoding = 4; lastKnownFileType = sourcecode.c.h; path = CommentsTableViewController.h; sourceTree = "<group>"; };
		364B97801569D2A900B859D7 /* CommentsTableViewController.m */ = {isa = PBXFileReference; fileEncoding = 4; lastKnownFileType = sourcecode.c.objc; path = CommentsTableViewController.m; sourceTree = "<group>"; };
		364B97821569D2B100B859D7 /* green.png */ = {isa = PBXFileReference; lastKnownFileType = image.png; path = green.png; sourceTree = "<group>"; };
		364B97831569D2B100B859D7 /* grey.png */ = {isa = PBXFileReference; lastKnownFileType = image.png; path = grey.png; sourceTree = "<group>"; };
		364B97861569D2C300B859D7 /* CommentsTableViewController.xib */ = {isa = PBXFileReference; fileEncoding = 4; lastKnownFileType = file.xib; path = CommentsTableViewController.xib; sourceTree = "<group>"; };
		364B97881569D45100B859D7 /* PuzzleComment.h */ = {isa = PBXFileReference; fileEncoding = 4; lastKnownFileType = sourcecode.c.h; path = PuzzleComment.h; sourceTree = "<group>"; };
		364B97891569D45100B859D7 /* PuzzleComment.m */ = {isa = PBXFileReference; fileEncoding = 4; lastKnownFileType = sourcecode.c.objc; path = PuzzleComment.m; sourceTree = "<group>"; };
		364B97961569F1FA00B859D7 /* LoginViewController.h */ = {isa = PBXFileReference; fileEncoding = 4; lastKnownFileType = sourcecode.c.h; name = LoginViewController.h; path = "Classes/View Controllers/Login/LoginViewController.h"; sourceTree = "<group>"; };
		364B97971569F1FA00B859D7 /* LoginViewController.m */ = {isa = PBXFileReference; fileEncoding = 4; lastKnownFileType = sourcecode.c.objc; name = LoginViewController.m; path = "Classes/View Controllers/Login/LoginViewController.m"; sourceTree = "<group>"; };
		364B97981569F1FA00B859D7 /* LoginViewController.xib */ = {isa = PBXFileReference; fileEncoding = 4; lastKnownFileType = file.xib; name = LoginViewController.xib; path = "Classes/View Controllers/Login/LoginViewController.xib"; sourceTree = "<group>"; };
		364B97991569F1FA00B859D7 /* RegisterViewController.h */ = {isa = PBXFileReference; fileEncoding = 4; lastKnownFileType = sourcecode.c.h; name = RegisterViewController.h; path = "Classes/View Controllers/Login/RegisterViewController.h"; sourceTree = "<group>"; };
		364B979A1569F1FA00B859D7 /* RegisterViewController.m */ = {isa = PBXFileReference; fileEncoding = 4; lastKnownFileType = sourcecode.c.objc; name = RegisterViewController.m; path = "Classes/View Controllers/Login/RegisterViewController.m"; sourceTree = "<group>"; };
		364B979B1569F1FA00B859D7 /* RegisterViewController.xib */ = {isa = PBXFileReference; fileEncoding = 4; lastKnownFileType = file.xib; name = RegisterViewController.xib; path = "Classes/View Controllers/Login/RegisterViewController.xib"; sourceTree = "<group>"; };
		365E580B1560992900A9C752 /* TestPuzzleViewController.h */ = {isa = PBXFileReference; fileEncoding = 4; lastKnownFileType = sourcecode.c.h; name = TestPuzzleViewController.h; path = "Classes/View Controllers/Create Puzzle/TestPuzzleViewController.h"; sourceTree = "<group>"; };
		365E580C1560992900A9C752 /* TestPuzzleViewController.m */ = {isa = PBXFileReference; fileEncoding = 4; lastKnownFileType = sourcecode.c.objc; name = TestPuzzleViewController.m; path = "Classes/View Controllers/Create Puzzle/TestPuzzleViewController.m"; sourceTree = "<group>"; };
		365E580D1560992900A9C752 /* TestPuzzleViewController.xib */ = {isa = PBXFileReference; fileEncoding = 4; lastKnownFileType = file.xib; name = TestPuzzleViewController.xib; path = "Classes/View Controllers/Create Puzzle/TestPuzzleViewController.xib"; sourceTree = "<group>"; };
		365E58351561828100A9C752 /* EGORefreshTableHeaderView.h */ = {isa = PBXFileReference; fileEncoding = 4; lastKnownFileType = sourcecode.c.h; path = EGORefreshTableHeaderView.h; sourceTree = "<group>"; };
		365E58361561828100A9C752 /* EGORefreshTableHeaderView.m */ = {isa = PBXFileReference; fileEncoding = 4; lastKnownFileType = sourcecode.c.objc; path = EGORefreshTableHeaderView.m; sourceTree = "<group>"; };
		365E58381561828100A9C752 /* blackArrow.png */ = {isa = PBXFileReference; lastKnownFileType = image.png; path = blackArrow.png; sourceTree = "<group>"; };
		365E58391561828100A9C752 /* blackArrow@2x.png */ = {isa = PBXFileReference; lastKnownFileType = image.png; path = "blackArrow@2x.png"; sourceTree = "<group>"; };
		365E583A1561828100A9C752 /* blueArrow.png */ = {isa = PBXFileReference; lastKnownFileType = image.png; path = blueArrow.png; sourceTree = "<group>"; };
		365E583B1561828100A9C752 /* blueArrow@2x.png */ = {isa = PBXFileReference; lastKnownFileType = image.png; path = "blueArrow@2x.png"; sourceTree = "<group>"; };
		365E583C1561828100A9C752 /* grayArrow.png */ = {isa = PBXFileReference; lastKnownFileType = image.png; path = grayArrow.png; sourceTree = "<group>"; };
		365E583D1561828100A9C752 /* grayArrow@2x.png */ = {isa = PBXFileReference; lastKnownFileType = image.png; path = "grayArrow@2x.png"; sourceTree = "<group>"; };
		365E583E1561828100A9C752 /* whiteArrow.png */ = {isa = PBXFileReference; lastKnownFileType = image.png; path = whiteArrow.png; sourceTree = "<group>"; };
		365E583F1561828100A9C752 /* whiteArrow@2x.png */ = {isa = PBXFileReference; lastKnownFileType = image.png; path = "whiteArrow@2x.png"; sourceTree = "<group>"; };
		365E584E15621B9400A9C752 /* UserPuzzlesViewController.h */ = {isa = PBXFileReference; fileEncoding = 4; lastKnownFileType = sourcecode.c.h; name = UserPuzzlesViewController.h; path = "Classes/View Controllers/User Puzzles/UserPuzzlesViewController.h"; sourceTree = "<group>"; };
		365E584F15621B9400A9C752 /* UserPuzzlesViewController.m */ = {isa = PBXFileReference; fileEncoding = 4; lastKnownFileType = sourcecode.c.objc; name = UserPuzzlesViewController.m; path = "Classes/View Controllers/User Puzzles/UserPuzzlesViewController.m"; sourceTree = "<group>"; };
		365E585115621BDB00A9C752 /* UserPuzzleCell.h */ = {isa = PBXFileReference; fileEncoding = 4; lastKnownFileType = sourcecode.c.h; name = UserPuzzleCell.h; path = "Classes/View Controllers/User Puzzles/UserPuzzleCell.h"; sourceTree = "<group>"; };
		365E585215621BDB00A9C752 /* UserPuzzleCell.m */ = {isa = PBXFileReference; fileEncoding = 4; lastKnownFileType = sourcecode.c.objc; name = UserPuzzleCell.m; path = "Classes/View Controllers/User Puzzles/UserPuzzleCell.m"; sourceTree = "<group>"; };
		365E585615621C3100A9C752 /* UserPuzzleCell.xib */ = {isa = PBXFileReference; fileEncoding = 4; lastKnownFileType = file.xib; name = UserPuzzleCell.xib; path = "Classes/View Controllers/User Puzzles/UserPuzzleCell.xib"; sourceTree = "<group>"; };
		365E585815621D5200A9C752 /* QuartzCore.framework */ = {isa = PBXFileReference; lastKnownFileType = wrapper.framework; name = QuartzCore.framework; path = System/Library/Frameworks/QuartzCore.framework; sourceTree = SDKROOT; };
		36649DA81566C997001B00F0 /* PlayOwnPuzzleViewControllerViewController.h */ = {isa = PBXFileReference; fileEncoding = 4; lastKnownFileType = sourcecode.c.h; name = PlayOwnPuzzleViewControllerViewController.h; path = "Classes/View Controllers/User Puzzles/PlayOwnPuzzleViewControllerViewController.h"; sourceTree = "<group>"; };
		36649DA91566C997001B00F0 /* PlayOwnPuzzleViewControllerViewController.m */ = {isa = PBXFileReference; fileEncoding = 4; lastKnownFileType = sourcecode.c.objc; name = PlayOwnPuzzleViewControllerViewController.m; path = "Classes/View Controllers/User Puzzles/PlayOwnPuzzleViewControllerViewController.m"; sourceTree = "<group>"; };
		36649DAC1566CAC1001B00F0 /* EnterExplanationViewController.h */ = {isa = PBXFileReference; fileEncoding = 4; lastKnownFileType = sourcecode.c.h; name = EnterExplanationViewController.h; path = "Classes/View Controllers/Create Puzzle/EnterExplanationViewController.h"; sourceTree = "<group>"; };
		36649DAD1566CAC1001B00F0 /* EnterExplanationViewController.m */ = {isa = PBXFileReference; fileEncoding = 4; lastKnownFileType = sourcecode.c.objc; name = EnterExplanationViewController.m; path = "Classes/View Controllers/Create Puzzle/EnterExplanationViewController.m"; sourceTree = "<group>"; };
		36649DAE1566CAC1001B00F0 /* EnterExplanationViewController.xib */ = {isa = PBXFileReference; fileEncoding = 4; lastKnownFileType = file.xib; name = EnterExplanationViewController.xib; path = "Classes/View Controllers/Create Puzzle/EnterExplanationViewController.xib"; sourceTree = "<group>"; };
		3688269C1555E38700801441 /* PuzzleDownloader.h */ = {isa = PBXFileReference; fileEncoding = 4; lastKnownFileType = sourcecode.c.h; name = PuzzleDownloader.h; path = "Classes/View Controllers/Play Puzzle/PuzzleDownloader.h"; sourceTree = "<group>"; };
		3688269D1555E38700801441 /* PuzzleDownloader.m */ = {isa = PBXFileReference; fileEncoding = 4; lastKnownFileType = sourcecode.c.objc; name = PuzzleDownloader.m; path = "Classes/View Controllers/Play Puzzle/PuzzleDownloader.m"; sourceTree = "<group>"; };
		368826A01555EB4C00801441 /* TacticsDataConstants.h */ = {isa = PBXFileReference; fileEncoding = 4; lastKnownFileType = sourcecode.c.h; name = TacticsDataConstants.h; path = Classes/TacticsDataConstants.h; sourceTree = "<group>"; };
/* End PBXFileReference section */

/* Begin PBXFrameworksBuildPhase section */
		3609993B154B9B120006A5F5 /* Frameworks */ = {
			isa = PBXFrameworksBuildPhase;
			buildActionMask = 2147483647;
			files = (
				364B97541569CB2B00B859D7 /* CoreText.framework in Frameworks */,
				365E585915621D5200A9C752 /* QuartzCore.framework in Frameworks */,
				3612F977155715F7000F761B /* Security.framework in Frameworks */,
				36099943154B9B120006A5F5 /* UIKit.framework in Frameworks */,
				36099945154B9B120006A5F5 /* Foundation.framework in Frameworks */,
				36099947154B9B120006A5F5 /* CoreGraphics.framework in Frameworks */,
			);
			runOnlyForDeploymentPostprocessing = 0;
		};
/* End PBXFrameworksBuildPhase section */

/* Begin PBXGroup section */
		36099933154B9B120006A5F5 = {
			isa = PBXGroup;
			children = (
				36099948154B9B120006A5F5 /* ChessTactics */,
				36099941154B9B120006A5F5 /* Frameworks */,
				3609993F154B9B120006A5F5 /* Products */,
			);
			sourceTree = "<group>";
		};
		3609993F154B9B120006A5F5 /* Products */ = {
			isa = PBXGroup;
			children = (
				3609993E154B9B120006A5F5 /* ChessTactics.app */,
			);
			name = Products;
			sourceTree = "<group>";
		};
		36099941154B9B120006A5F5 /* Frameworks */ = {
			isa = PBXGroup;
			children = (
				364B97531569CB2B00B859D7 /* CoreText.framework */,
				365E585815621D5200A9C752 /* QuartzCore.framework */,
				3612F976155715F7000F761B /* Security.framework */,
				36099942154B9B120006A5F5 /* UIKit.framework */,
				36099944154B9B120006A5F5 /* Foundation.framework */,
				36099946154B9B120006A5F5 /* CoreGraphics.framework */,
			);
			name = Frameworks;
			sourceTree = "<group>";
		};
		36099948154B9B120006A5F5 /* ChessTactics */ = {
			isa = PBXGroup;
			children = (
				3612F936155714E2000F761B /* SDK */,
				360999F9154C6FC00006A5F5 /* Classes */,
				36099A36154C7CF90006A5F5 /* Assets */,
				36099951154B9B120006A5F5 /* AppDelegate.h */,
				36099952154B9B120006A5F5 /* AppDelegate.m */,
				36099949154B9B120006A5F5 /* Supporting Files */,
			);
			path = ChessTactics;
			sourceTree = "<group>";
		};
		36099949154B9B120006A5F5 /* Supporting Files */ = {
			isa = PBXGroup;
			children = (
				3609994A154B9B120006A5F5 /* ChessTactics-Info.plist */,
				3609994B154B9B120006A5F5 /* InfoPlist.strings */,
				3609994E154B9B120006A5F5 /* main.m */,
				36099950154B9B120006A5F5 /* ChessTactics-Prefix.pch */,
			);
			name = "Supporting Files";
			sourceTree = "<group>";
		};
		360999F9154C6FC00006A5F5 /* Classes */ = {
			isa = PBXGroup;
			children = (
				365E58191561825900A9C752 /* Vendor */,
				36099A0D154C71720006A5F5 /* Models */,
				360999FA154C6FC60006A5F5 /* View Controllers */,
				368826A01555EB4C00801441 /* TacticsDataConstants.h */,
			);
			name = Classes;
			sourceTree = "<group>";
		};
		360999FA154C6FC60006A5F5 /* View Controllers */ = {
			isa = PBXGroup;
			children = (
				364B978B1569EE6100B859D7 /* Login */,
				365E5849156182D000A9C752 /* User Puzzles */,
				36099A2F154C762F0006A5F5 /* Chess Board */,
				36099A02154C709C0006A5F5 /* Create Puzzle */,
				36099A01154C70940006A5F5 /* Play Puzzle */,
				360999FB154C6FD40006A5F5 /* Main View Controller */,
			);
			name = "View Controllers";
			sourceTree = "<group>";
		};
		360999FB154C6FD40006A5F5 /* Main View Controller */ = {
			isa = PBXGroup;
			children = (
				360999FC154C70010006A5F5 /* MainMenuViewController.h */,
				360999FD154C70010006A5F5 /* MainMenuViewController.m */,
				360999FE154C70010006A5F5 /* MainMenuViewController.xib */,
			);
			name = "Main View Controller";
			sourceTree = "<group>";
		};
		36099A01154C70940006A5F5 /* Play Puzzle */ = {
			isa = PBXGroup;
			children = (
				364B97451569C99600B859D7 /* Comments */,
				36135508154FA6B9004A056F /* PlayPuzzleViewController.h */,
				36135509154FA6B9004A056F /* PlayPuzzleViewController.m */,
				3613550A154FA6B9004A056F /* PlayPuzzleViewController.xib */,
				3688269C1555E38700801441 /* PuzzleDownloader.h */,
				3688269D1555E38700801441 /* PuzzleDownloader.m */,
				3612F98D1559D022000F761B /* AnalysisBoardViewController.h */,
				3612F98E1559D023000F761B /* AnalysisBoardViewController.m */,
				3612F98F1559D023000F761B /* AnalysisBoardViewController.xib */,
			);
			name = "Play Puzzle";
			sourceTree = "<group>";
		};
		36099A02154C709C0006A5F5 /* Create Puzzle */ = {
			isa = PBXGroup;
			children = (
				36099A03154C70C90006A5F5 /* CreatePuzzleViewController.h */,
				36099A04154C70C90006A5F5 /* CreatePuzzleViewController.m */,
				36099A05154C70C90006A5F5 /* CreatePuzzleViewController.xib */,
				361354BA154D3005004A056F /* CreatePuzzleSetupViewController.h */,
				361354BB154D3005004A056F /* CreatePuzzleSetupViewController.m */,
				361354BC154D3005004A056F /* CreatePuzzleSetupViewController.xib */,
				365E580B1560992900A9C752 /* TestPuzzleViewController.h */,
				365E580C1560992900A9C752 /* TestPuzzleViewController.m */,
				365E580D1560992900A9C752 /* TestPuzzleViewController.xib */,
				36649DAC1566CAC1001B00F0 /* EnterExplanationViewController.h */,
				36649DAD1566CAC1001B00F0 /* EnterExplanationViewController.m */,
				36649DAE1566CAC1001B00F0 /* EnterExplanationViewController.xib */,
			);
			name = "Create Puzzle";
			sourceTree = "<group>";
		};
		36099A0D154C71720006A5F5 /* Models */ = {
			isa = PBXGroup;
			children = (
				361354B4154D1EB6004A056F /* ChessMove.h */,
				361354B5154D1EB6004A056F /* ChessMove.m */,
				36099A0E154C71720006A5F5 /* Chess Board */,
				36099A15154C71720006A5F5 /* Chess Pieces */,
			);
			name = Models;
			path = Classes/Models;
			sourceTree = "<group>";
		};
		36099A0E154C71720006A5F5 /* Chess Board */ = {
			isa = PBXGroup;
			children = (
				36099A0F154C71720006A5F5 /* ChessModel.h */,
				36099A10154C71720006A5F5 /* ChessModel.m */,
				36099A11154C71720006A5F5 /* Coordinate.h */,
				36099A12154C71720006A5F5 /* Coordinate.m */,
				36099A13154C71720006A5F5 /* MovementVectors.h */,
				36099A14154C71720006A5F5 /* MovementVectors.m */,
			);
			path = "Chess Board";
			sourceTree = "<group>";
		};
		36099A15154C71720006A5F5 /* Chess Pieces */ = {
			isa = PBXGroup;
			children = (
				36099A16154C71720006A5F5 /* Bishop.h */,
				36099A17154C71720006A5F5 /* Bishop.m */,
				36099A18154C71720006A5F5 /* ChessPiece.h */,
				36099A19154C71720006A5F5 /* ChessPiece.m */,
				36099A1A154C71720006A5F5 /* ChessPieces.h */,
				36099A1B154C71720006A5F5 /* King.h */,
				36099A1C154C71720006A5F5 /* King.m */,
				36099A1D154C71720006A5F5 /* Knight.h */,
				36099A1E154C71720006A5F5 /* Knight.m */,
				36099A1F154C71720006A5F5 /* Pawn.h */,
				36099A20154C71720006A5F5 /* Pawn.m */,
				36099A21154C71720006A5F5 /* Queen.h */,
				36099A22154C71720006A5F5 /* Queen.m */,
				36099A23154C71720006A5F5 /* Rook.h */,
				36099A24154C71720006A5F5 /* Rook.m */,
			);
			path = "Chess Pieces";
			sourceTree = "<group>";
		};
		36099A2F154C762F0006A5F5 /* Chess Board */ = {
			isa = PBXGroup;
			children = (
				361354B7154D1EE6004A056F /* ChessBoardView.h */,
				361354B8154D1EE6004A056F /* ChessBoardView.m */,
				36099A30154C76480006A5F5 /* ChessBoardViewController.h */,
				36099A31154C76480006A5F5 /* ChessBoardViewController.m */,
			);
			name = "Chess Board";
			sourceTree = "<group>";
		};
		36099A36154C7CF90006A5F5 /* Assets */ = {
			isa = PBXGroup;
			children = (
				36099A37154C7D4E0006A5F5 /* Chess Board */,
			);
			name = Assets;
			sourceTree = "<group>";
		};
		36099A37154C7D4E0006A5F5 /* Chess Board */ = {
			isa = PBXGroup;
			children = (
				36099A38154C7D4E0006A5F5 /* Chess Pieces */,
				36099A50154C7D4E0006A5F5 /* squareHighlight.png */,
				36099A51154C7D4E0006A5F5 /* squareHighlight@2x.png */,
				3613550D154FB5DA004A056F /* editingSquareHighlight.png */,
				3613550E154FB5DA004A056F /* editingSquareHighlight@2x.png */,
			);
			name = "Chess Board";
			path = "Assets/Chess Board";
			sourceTree = "<group>";
		};
		36099A38154C7D4E0006A5F5 /* Chess Pieces */ = {
			isa = PBXGroup;
			children = (
				36099A39154C7D4E0006A5F5 /* bb.png */,
				36099A3A154C7D4E0006A5F5 /* bb@2x.png */,
				36099A3B154C7D4E0006A5F5 /* bk.png */,
				36099A3C154C7D4E0006A5F5 /* bk@2x.png */,
				36099A3D154C7D4E0006A5F5 /* bn.png */,
				36099A3E154C7D4E0006A5F5 /* bn@2x.png */,
				36099A3F154C7D4E0006A5F5 /* bp.png */,
				36099A40154C7D4E0006A5F5 /* bp@2x.png */,
				36099A41154C7D4E0006A5F5 /* bq.png */,
				36099A42154C7D4E0006A5F5 /* bq@2x.png */,
				36099A43154C7D4E0006A5F5 /* br.png */,
				36099A44154C7D4E0006A5F5 /* br@2x.png */,
				36099A45154C7D4E0006A5F5 /* wb.png */,
				36099A46154C7D4E0006A5F5 /* wb@2x.png */,
				36099A47154C7D4E0006A5F5 /* wk.png */,
				36099A48154C7D4E0006A5F5 /* wk@2x.png */,
				36099A49154C7D4E0006A5F5 /* wn.png */,
				36099A4A154C7D4E0006A5F5 /* wn@2x.png */,
				36099A4B154C7D4E0006A5F5 /* wp.png */,
				36099A4C154C7D4E0006A5F5 /* wp@2x.png */,
				36099A4D154C7D4E0006A5F5 /* wq.png */,
				36099A4E154C7D4E0006A5F5 /* wq@2x.png */,
				36099A4F154C7D4E0006A5F5 /* wr.png */,
			);
			path = "Chess Pieces";
			sourceTree = "<group>";
		};
		3612F936155714E2000F761B /* SDK */ = {
			isa = PBXGroup;
			children = (
				3612F937155714E2000F761B /* Private */,
				3612F954155714E2000F761B /* Public */,
			);
			name = SDK;
			path = ../../../SDKs/ios/PuzzleSDK/PuzzleSDK/Classes/SDK;
			sourceTree = "<group>";
		};
		3612F937155714E2000F761B /* Private */ = {
			isa = PBXGroup;
			children = (
				3612F938155714E2000F761B /* PuzzleAPIURLFactory.h */,
				3612F939155714E2000F761B /* PuzzleAPIURLFactory.m */,
				3612F93A155714E2000F761B /* PuzzleOperations */,
				3612F94F155714E2000F761B /* Vendor */,
			);
			path = Private;
			sourceTree = "<group>";
		};
		3612F93A155714E2000F761B /* PuzzleOperations */ = {
			isa = PBXGroup;
			children = (
				3612F93B155714E2000F761B /* CreatePuzzleOperation.h */,
				3612F93C155714E2000F761B /* CreatePuzzleOperation.m */,
				3612F93D155714E2000F761B /* CreateUserOperation.h */,
				3612F93E155714E2000F761B /* CreateUserOperation.m */,
				3612F93F155714E2000F761B /* DeleteUserOperation.h */,
				3612F940155714E2000F761B /* DeleteUserOperation.m */,
				3612F941155714E2000F761B /* GetAuthTokenForUserOperation.h */,
				3612F942155714E2000F761B /* GetAuthTokenForUserOperation.m */,
				3612F943155714E2000F761B /* GetPuzzleForUserOperation.h */,
				3612F944155714E2000F761B /* GetPuzzleForUserOperation.m */,
				3612F945155714E2000F761B /* GetPuzzleOperation.h */,
				3612F946155714E2000F761B /* GetPuzzleOperation.m */,
				3612F947155714E2000F761B /* GetPuzzlesMadeByUserOperation.h */,
				3612F948155714E2000F761B /* GetPuzzlesMadeByUserOperation.m */,
				3612F949155714E2000F761B /* PuzzleOperation.h */,
				3612F94A155714E2000F761B /* PuzzleOperation.m */,
				3612F94B155714E2000F761B /* PuzzleOperationManager.h */,
				3612F94C155714E2000F761B /* PuzzleOperationManager.m */,
				3612F94D155714E2000F761B /* TakePuzzleOperation.h */,
				3612F94E155714E2000F761B /* TakePuzzleOperation.m */,
			);
			path = PuzzleOperations;
			sourceTree = "<group>";
		};
		3612F94F155714E2000F761B /* Vendor */ = {
			isa = PBXGroup;
			children = (
				3612F950155714E2000F761B /* JSONKit.h */,
				3612F951155714E2000F761B /* JSONKit.m */,
				3612F952155714E2000F761B /* UIApplication+Security.h */,
				3612F953155714E2000F761B /* UIApplication+Security.m */,
			);
			path = Vendor;
			sourceTree = "<group>";
		};
		3612F954155714E2000F761B /* Public */ = {
			isa = PBXGroup;
			children = (
				3612F955155714E2000F761B /* Puzzle Models */,
				3612F95E155714E2000F761B /* PuzzleAPIKey.h */,
				3612F95F155714E2000F761B /* PuzzleErrorHandler.h */,
				3612F960155714E2000F761B /* PuzzleErrorHandler.m */,
				3612F961155714E2000F761B /* PuzzleSDK.h */,
				3612F962155714E2000F761B /* PuzzleSDK.m */,
			);
			path = Public;
			sourceTree = "<group>";
		};
		3612F955155714E2000F761B /* Puzzle Models */ = {
			isa = PBXGroup;
			children = (
				3612F956155714E2000F761B /* PuzzleCurrentUser.h */,
				3612F957155714E2000F761B /* PuzzleCurrentUser.m */,
				3612F958155714E2000F761B /* PuzzleModel.h */,
				3612F959155714E2000F761B /* PuzzleModel.m */,
				3612F95A155714E2000F761B /* PuzzleUser.h */,
				3612F95B155714E2000F761B /* PuzzleUser.m */,
				3612F95C155714E2000F761B /* TakePuzzleResults.h */,
				3612F95D155714E2000F761B /* TakePuzzleResults.m */,
				364B97881569D45100B859D7 /* PuzzleComment.h */,
				364B97891569D45100B859D7 /* PuzzleComment.m */,
			);
			path = "Puzzle Models";
			sourceTree = "<group>";
		};
		364B97451569C99600B859D7 /* Comments */ = {
			isa = PBXGroup;
			children = (
				364B977F1569D2A900B859D7 /* CommentsTableViewController.h */,
				364B97801569D2A900B859D7 /* CommentsTableViewController.m */,
				364B97861569D2C300B859D7 /* CommentsTableViewController.xib */,
				364B97551569CB9E00B859D7 /* Resources */,
			);
			name = Comments;
			sourceTree = "<group>";
		};
		364B97551569CB9E00B859D7 /* Resources */ = {
			isa = PBXGroup;
			children = (
				364B97821569D2B100B859D7 /* green.png */,
				364B97831569D2B100B859D7 /* grey.png */,
			);
			name = Resources;
			sourceTree = "<group>";
		};
		364B978B1569EE6100B859D7 /* Login */ = {
			isa = PBXGroup;
			children = (
				364B97961569F1FA00B859D7 /* LoginViewController.h */,
				364B97971569F1FA00B859D7 /* LoginViewController.m */,
				364B97981569F1FA00B859D7 /* LoginViewController.xib */,
				364B97991569F1FA00B859D7 /* RegisterViewController.h */,
				364B979A1569F1FA00B859D7 /* RegisterViewController.m */,
				364B979B1569F1FA00B859D7 /* RegisterViewController.xib */,
			);
			name = Login;
			sourceTree = "<group>";
		};
		365E58191561825900A9C752 /* Vendor */ = {
			isa = PBXGroup;
			children = (
				365E58321561828100A9C752 /* EGOTableViewPullRefresh */,
			);
			name = Vendor;
			sourceTree = "<group>";
		};
		365E58321561828100A9C752 /* EGOTableViewPullRefresh */ = {
			isa = PBXGroup;
			children = (
				365E58331561828100A9C752 /* Classes */,
				365E58371561828100A9C752 /* Resources */,
			);
			name = EGOTableViewPullRefresh;
			path = Classes/Vendor/EGOTableViewPullRefresh;
			sourceTree = "<group>";
		};
		365E58331561828100A9C752 /* Classes */ = {
			isa = PBXGroup;
			children = (
				365E58341561828100A9C752 /* View */,
			);
			path = Classes;
			sourceTree = "<group>";
		};
		365E58341561828100A9C752 /* View */ = {
			isa = PBXGroup;
			children = (
				365E58351561828100A9C752 /* EGORefreshTableHeaderView.h */,
				365E58361561828100A9C752 /* EGORefreshTableHeaderView.m */,
			);
			path = View;
			sourceTree = "<group>";
		};
		365E58371561828100A9C752 /* Resources */ = {
			isa = PBXGroup;
			children = (
				365E58381561828100A9C752 /* blackArrow.png */,
				365E58391561828100A9C752 /* blackArrow@2x.png */,
				365E583A1561828100A9C752 /* blueArrow.png */,
				365E583B1561828100A9C752 /* blueArrow@2x.png */,
				365E583C1561828100A9C752 /* grayArrow.png */,
				365E583D1561828100A9C752 /* grayArrow@2x.png */,
				365E583E1561828100A9C752 /* whiteArrow.png */,
				365E583F1561828100A9C752 /* whiteArrow@2x.png */,
			);
			path = Resources;
			sourceTree = "<group>";
		};
		365E5849156182D000A9C752 /* User Puzzles */ = {
			isa = PBXGroup;
			children = (
				365E584E15621B9400A9C752 /* UserPuzzlesViewController.h */,
				365E584F15621B9400A9C752 /* UserPuzzlesViewController.m */,
				365E585115621BDB00A9C752 /* UserPuzzleCell.h */,
				365E585215621BDB00A9C752 /* UserPuzzleCell.m */,
				365E585615621C3100A9C752 /* UserPuzzleCell.xib */,
				36649DA81566C997001B00F0 /* PlayOwnPuzzleViewControllerViewController.h */,
				36649DA91566C997001B00F0 /* PlayOwnPuzzleViewControllerViewController.m */,
			);
			name = "User Puzzles";
			sourceTree = "<group>";
		};
/* End PBXGroup section */

/* Begin PBXNativeTarget section */
		3609993D154B9B120006A5F5 /* ChessTactics */ = {
			isa = PBXNativeTarget;
			buildConfigurationList = 36099956154B9B120006A5F5 /* Build configuration list for PBXNativeTarget "ChessTactics" */;
			buildPhases = (
				3609993A154B9B120006A5F5 /* Sources */,
				3609993B154B9B120006A5F5 /* Frameworks */,
				3609993C154B9B120006A5F5 /* Resources */,
			);
			buildRules = (
			);
			dependencies = (
			);
			name = ChessTactics;
			productName = ChessTactics;
			productReference = 3609993E154B9B120006A5F5 /* ChessTactics.app */;
			productType = "com.apple.product-type.application";
		};
/* End PBXNativeTarget section */

/* Begin PBXProject section */
		36099935154B9B120006A5F5 /* Project object */ = {
			isa = PBXProject;
			attributes = {
				LastUpgradeCheck = 0430;
				ORGANIZATIONNAME = Stanford;
			};
			buildConfigurationList = 36099938154B9B120006A5F5 /* Build configuration list for PBXProject "ChessTactics" */;
			compatibilityVersion = "Xcode 3.2";
			developmentRegion = English;
			hasScannedForEncodings = 0;
			knownRegions = (
				en,
			);
			mainGroup = 36099933154B9B120006A5F5;
			productRefGroup = 3609993F154B9B120006A5F5 /* Products */;
			projectDirPath = "";
			projectRoot = "";
			targets = (
				3609993D154B9B120006A5F5 /* ChessTactics */,
			);
		};
/* End PBXProject section */

/* Begin PBXResourcesBuildPhase section */
		3609993C154B9B120006A5F5 /* Resources */ = {
			isa = PBXResourcesBuildPhase;
			buildActionMask = 2147483647;
			files = (
				3609994D154B9B120006A5F5 /* InfoPlist.strings in Resources */,
				36099A00154C70010006A5F5 /* MainMenuViewController.xib in Resources */,
				36099A07154C70C90006A5F5 /* CreatePuzzleViewController.xib in Resources */,
				36099A52154C7D4E0006A5F5 /* bb.png in Resources */,
				36099A53154C7D4E0006A5F5 /* bb@2x.png in Resources */,
				36099A54154C7D4E0006A5F5 /* bk.png in Resources */,
				36099A55154C7D4E0006A5F5 /* bk@2x.png in Resources */,
				36099A56154C7D4E0006A5F5 /* bn.png in Resources */,
				36099A57154C7D4E0006A5F5 /* bn@2x.png in Resources */,
				36099A58154C7D4E0006A5F5 /* bp.png in Resources */,
				36099A59154C7D4E0006A5F5 /* bp@2x.png in Resources */,
				36099A5A154C7D4E0006A5F5 /* bq.png in Resources */,
				36099A5B154C7D4E0006A5F5 /* bq@2x.png in Resources */,
				36099A5C154C7D4E0006A5F5 /* br.png in Resources */,
				36099A5D154C7D4E0006A5F5 /* br@2x.png in Resources */,
				36099A5E154C7D4E0006A5F5 /* wb.png in Resources */,
				36099A5F154C7D4E0006A5F5 /* wb@2x.png in Resources */,
				36099A60154C7D4E0006A5F5 /* wk.png in Resources */,
				36099A61154C7D4E0006A5F5 /* wk@2x.png in Resources */,
				36099A62154C7D4E0006A5F5 /* wn.png in Resources */,
				36099A63154C7D4E0006A5F5 /* wn@2x.png in Resources */,
				36099A64154C7D4E0006A5F5 /* wp.png in Resources */,
				36099A65154C7D4E0006A5F5 /* wp@2x.png in Resources */,
				36099A66154C7D4E0006A5F5 /* wq.png in Resources */,
				36099A67154C7D4E0006A5F5 /* wq@2x.png in Resources */,
				36099A68154C7D4E0006A5F5 /* wr.png in Resources */,
				36099A69154C7D4E0006A5F5 /* squareHighlight.png in Resources */,
				36099A6A154C7D4E0006A5F5 /* squareHighlight@2x.png in Resources */,
				361354BE154D3005004A056F /* CreatePuzzleSetupViewController.xib in Resources */,
				3613550C154FA6B9004A056F /* PlayPuzzleViewController.xib in Resources */,
				3613550F154FB5DA004A056F /* editingSquareHighlight.png in Resources */,
				36135510154FB5DA004A056F /* editingSquareHighlight@2x.png in Resources */,
				3612F9911559D024000F761B /* AnalysisBoardViewController.xib in Resources */,
				365E580F1560992A00A9C752 /* TestPuzzleViewController.xib in Resources */,
				365E58411561828100A9C752 /* blackArrow.png in Resources */,
				365E58421561828100A9C752 /* blackArrow@2x.png in Resources */,
				365E58431561828100A9C752 /* blueArrow.png in Resources */,
				365E58441561828100A9C752 /* blueArrow@2x.png in Resources */,
				365E58451561828100A9C752 /* grayArrow.png in Resources */,
				365E58461561828100A9C752 /* grayArrow@2x.png in Resources */,
				365E58471561828100A9C752 /* whiteArrow.png in Resources */,
				365E58481561828100A9C752 /* whiteArrow@2x.png in Resources */,
				365E585715621C3100A9C752 /* UserPuzzleCell.xib in Resources */,
				36649DB01566CAC2001B00F0 /* EnterExplanationViewController.xib in Resources */,
				364B97841569D2B100B859D7 /* green.png in Resources */,
				364B97851569D2B100B859D7 /* grey.png in Resources */,
				364B97871569D2C300B859D7 /* CommentsTableViewController.xib in Resources */,
				364B979D1569F1FA00B859D7 /* LoginViewController.xib in Resources */,
				364B979F1569F1FA00B859D7 /* RegisterViewController.xib in Resources */,
			);
			runOnlyForDeploymentPostprocessing = 0;
		};
/* End PBXResourcesBuildPhase section */

/* Begin PBXSourcesBuildPhase section */
		3609993A154B9B120006A5F5 /* Sources */ = {
			isa = PBXSourcesBuildPhase;
			buildActionMask = 2147483647;
			files = (
				3609994F154B9B120006A5F5 /* main.m in Sources */,
				36099953154B9B120006A5F5 /* AppDelegate.m in Sources */,
				360999FF154C70010006A5F5 /* MainMenuViewController.m in Sources */,
				36099A06154C70C90006A5F5 /* CreatePuzzleViewController.m in Sources */,
				36099A25154C71720006A5F5 /* ChessModel.m in Sources */,
				36099A26154C71720006A5F5 /* Coordinate.m in Sources */,
				36099A27154C71720006A5F5 /* MovementVectors.m in Sources */,
				36099A28154C71720006A5F5 /* Bishop.m in Sources */,
				36099A29154C71720006A5F5 /* ChessPiece.m in Sources */,
				36099A2A154C71720006A5F5 /* King.m in Sources */,
				36099A2B154C71720006A5F5 /* Knight.m in Sources */,
				36099A2C154C71720006A5F5 /* Pawn.m in Sources */,
				36099A2D154C71720006A5F5 /* Queen.m in Sources */,
				36099A2E154C71720006A5F5 /* Rook.m in Sources */,
				36099A32154C76480006A5F5 /* ChessBoardViewController.m in Sources */,
				361354B6154D1EB6004A056F /* ChessMove.m in Sources */,
				361354B9154D1EE6004A056F /* ChessBoardView.m in Sources */,
				361354BD154D3005004A056F /* CreatePuzzleSetupViewController.m in Sources */,
				3613550B154FA6B9004A056F /* PlayPuzzleViewController.m in Sources */,
				3688269E1555E38700801441 /* PuzzleDownloader.m in Sources */,
				3612F963155714E2000F761B /* PuzzleAPIURLFactory.m in Sources */,
				3612F964155714E2000F761B /* CreatePuzzleOperation.m in Sources */,
				3612F965155714E2000F761B /* CreateUserOperation.m in Sources */,
				3612F966155714E2000F761B /* DeleteUserOperation.m in Sources */,
				3612F967155714E2000F761B /* GetAuthTokenForUserOperation.m in Sources */,
				3612F968155714E2000F761B /* GetPuzzleForUserOperation.m in Sources */,
				3612F969155714E2000F761B /* GetPuzzleOperation.m in Sources */,
				3612F96A155714E2000F761B /* GetPuzzlesMadeByUserOperation.m in Sources */,
				3612F96B155714E2000F761B /* PuzzleOperation.m in Sources */,
				3612F96C155714E2000F761B /* PuzzleOperationManager.m in Sources */,
				3612F96D155714E2000F761B /* TakePuzzleOperation.m in Sources */,
				3612F96E155714E2000F761B /* JSONKit.m in Sources */,
				3612F96F155714E2000F761B /* UIApplication+Security.m in Sources */,
				3612F970155714E2000F761B /* PuzzleCurrentUser.m in Sources */,
				3612F971155714E2000F761B /* PuzzleModel.m in Sources */,
				3612F972155714E2000F761B /* PuzzleUser.m in Sources */,
				3612F973155714E2000F761B /* TakePuzzleResults.m in Sources */,
				3612F974155714E2000F761B /* PuzzleErrorHandler.m in Sources */,
				3612F975155714E2000F761B /* PuzzleSDK.m in Sources */,
				3612F9901559D024000F761B /* AnalysisBoardViewController.m in Sources */,
				365E580E1560992A00A9C752 /* TestPuzzleViewController.m in Sources */,
				365E58401561828100A9C752 /* EGORefreshTableHeaderView.m in Sources */,
				365E585015621B9400A9C752 /* UserPuzzlesViewController.m in Sources */,
				365E585315621BDB00A9C752 /* UserPuzzleCell.m in Sources */,
				36649DAA1566C997001B00F0 /* PlayOwnPuzzleViewControllerViewController.m in Sources */,
				36649DAF1566CAC2001B00F0 /* EnterExplanationViewController.m in Sources */,
				364B97811569D2A900B859D7 /* CommentsTableViewController.m in Sources */,
				364B978A1569D45100B859D7 /* PuzzleComment.m in Sources */,
				364B979C1569F1FA00B859D7 /* LoginViewController.m in Sources */,
				364B979E1569F1FA00B859D7 /* RegisterViewController.m in Sources */,
			);
			runOnlyForDeploymentPostprocessing = 0;
		};
/* End PBXSourcesBuildPhase section */

/* Begin PBXVariantGroup section */
		3609994B154B9B120006A5F5 /* InfoPlist.strings */ = {
			isa = PBXVariantGroup;
			children = (
				3609994C154B9B120006A5F5 /* en */,
			);
			name = InfoPlist.strings;
			sourceTree = "<group>";
		};
/* End PBXVariantGroup section */

/* Begin XCBuildConfiguration section */
		36099954154B9B120006A5F5 /* Debug */ = {
			isa = XCBuildConfiguration;
			buildSettings = {
				ALWAYS_SEARCH_USER_PATHS = NO;
				ARCHS = "$(ARCHS_STANDARD_32_BIT)";
				"CODE_SIGN_IDENTITY[sdk=iphoneos*]" = "iPhone Developer";
				COPY_PHASE_STRIP = NO;
				GCC_C_LANGUAGE_STANDARD = gnu99;
				GCC_DYNAMIC_NO_PIC = NO;
				GCC_OPTIMIZATION_LEVEL = 0;
				GCC_PREPROCESSOR_DEFINITIONS = (
					"DEBUG=1",
					"$(inherited)",
				);
				GCC_SYMBOLS_PRIVATE_EXTERN = NO;
				GCC_VERSION = com.apple.compilers.llvm.clang.1_0;
				GCC_WARN_ABOUT_RETURN_TYPE = YES;
				GCC_WARN_UNINITIALIZED_AUTOS = YES;
				GCC_WARN_UNUSED_VARIABLE = YES;
				IPHONEOS_DEPLOYMENT_TARGET = 5.1;
				SDKROOT = iphoneos;
			};
			name = Debug;
		};
		36099955154B9B120006A5F5 /* Release */ = {
			isa = XCBuildConfiguration;
			buildSettings = {
				ALWAYS_SEARCH_USER_PATHS = NO;
				ARCHS = "$(ARCHS_STANDARD_32_BIT)";
				"CODE_SIGN_IDENTITY[sdk=iphoneos*]" = "iPhone Developer";
				COPY_PHASE_STRIP = YES;
				GCC_C_LANGUAGE_STANDARD = gnu99;
				GCC_VERSION = com.apple.compilers.llvm.clang.1_0;
				GCC_WARN_ABOUT_RETURN_TYPE = YES;
				GCC_WARN_UNINITIALIZED_AUTOS = YES;
				GCC_WARN_UNUSED_VARIABLE = YES;
				IPHONEOS_DEPLOYMENT_TARGET = 5.1;
				OTHER_CFLAGS = "-DNS_BLOCK_ASSERTIONS=1";
				SDKROOT = iphoneos;
				VALIDATE_PRODUCT = YES;
			};
			name = Release;
		};
		36099957154B9B120006A5F5 /* Debug */ = {
			isa = XCBuildConfiguration;
			buildSettings = {
				GCC_PRECOMPILE_PREFIX_HEADER = YES;
				GCC_PREFIX_HEADER = "ChessTactics/ChessTactics-Prefix.pch";
				INFOPLIST_FILE = "ChessTactics/ChessTactics-Info.plist";
				IPHONEOS_DEPLOYMENT_TARGET = 4.3;
				PRODUCT_NAME = "$(TARGET_NAME)";
				WRAPPER_EXTENSION = app;
			};
			name = Debug;
		};
		36099958154B9B120006A5F5 /* Release */ = {
			isa = XCBuildConfiguration;
			buildSettings = {
				GCC_PRECOMPILE_PREFIX_HEADER = YES;
				GCC_PREFIX_HEADER = "ChessTactics/ChessTactics-Prefix.pch";
				INFOPLIST_FILE = "ChessTactics/ChessTactics-Info.plist";
				IPHONEOS_DEPLOYMENT_TARGET = 4.3;
				PRODUCT_NAME = "$(TARGET_NAME)";
				WRAPPER_EXTENSION = app;
			};
			name = Release;
		};
/* End XCBuildConfiguration section */

/* Begin XCConfigurationList section */
		36099938154B9B120006A5F5 /* Build configuration list for PBXProject "ChessTactics" */ = {
			isa = XCConfigurationList;
			buildConfigurations = (
				36099954154B9B120006A5F5 /* Debug */,
				36099955154B9B120006A5F5 /* Release */,
			);
			defaultConfigurationIsVisible = 0;
			defaultConfigurationName = Release;
		};
		36099956154B9B120006A5F5 /* Build configuration list for PBXNativeTarget "ChessTactics" */ = {
			isa = XCConfigurationList;
			buildConfigurations = (
				36099957154B9B120006A5F5 /* Debug */,
				36099958154B9B120006A5F5 /* Release */,
			);
			defaultConfigurationIsVisible = 0;
			defaultConfigurationName = Release;
		};
/* End XCConfigurationList section */
	};
	rootObject = 36099935154B9B120006A5F5 /* Project object */;
}
